<?xml version="1.0" encoding="utf-8"?>
<Project ToolsVersion="4.0" xmlns="http://schemas.microsoft.com/developer/msbuild/2003">
  <ItemGroup>
    <Filter Include="System">
      <UniqueIdentifier>{79b06648-26e1-4249-8eb7-0ff1eac1f2b1}</UniqueIdentifier>
    </Filter>
    <Filter Include="System\Collections">
      <UniqueIdentifier>{9dd93ba7-8f04-46dc-9dac-2b4576ec8298}</UniqueIdentifier>
    </Filter>
    <Filter Include="System\Collections.1">
      <UniqueIdentifier>{d5e3ac92-1da6-4172-9e18-26b2d8428b54}</UniqueIdentifier>
    </Filter>
    <Filter Include="System\Collections.2">
      <UniqueIdentifier>{e48f8371-0a4f-48b7-bdb5-927eb7ea843f}</UniqueIdentifier>
    </Filter>
    <Filter Include="System\Collections\Internals">
      <UniqueIdentifier>{262b32c2-e999-4472-a467-7cb3b45fbf50}</UniqueIdentifier>
    </Filter>
    <Filter Include="System\Collections.1\Dictionary">
      <UniqueIdentifier>{33884502-40bf-463f-8b70-03c3f15e8298}</UniqueIdentifier>
    </Filter>
  </ItemGroup>
  <ItemGroup>
    <ClCompile Include="System\Collections\Internals\GenericComparerTests.cpp">
      <Filter>System\Collections\Internals</Filter>
    </ClCompile>
    <ClCompile Include="System\Collections\ComparerTests.cpp">
      <Filter>System\Collections</Filter>
    </ClCompile>
    <ClCompile Include="System\Collections\EqualityComparerTests.cpp">
      <Filter>System\Collections</Filter>
    </ClCompile>
    <ClCompile Include="System\Collections\ICollectionTests.cpp">
      <Filter>System\Collections</Filter>
    </ClCompile>
    <ClCompile Include="System\Collections\IComparerTests.cpp">
      <Filter>System\Collections</Filter>
    </ClCompile>
    <ClCompile Include="System\Collections\IEnumerableTests.cpp">
      <Filter>System\Collections</Filter>
    </ClCompile>
    <ClCompile Include="System\Collections\IEnumeratorTests.cpp">
      <Filter>System\Collections</Filter>
    </ClCompile>
    <ClCompile Include="System\Collections\IEqualityComparerTests.cpp">
      <Filter>System\Collections</Filter>
    </ClCompile>
    <ClCompile Include="System\Collections.1\DictionaryTests.cpp">
      <Filter>System\Collections.1</Filter>
    </ClCompile>
    <ClCompile Include="System\Collections.1\EqualityComparerTests.cpp">
      <Filter>System\Collections.1</Filter>
    </ClCompile>
    <ClCompile Include="System\Collections.1\IDictionaryTests.cpp">
      <Filter>System\Collections.1</Filter>
    </ClCompile>
    <ClCompile Include="System\Collections.1\IListTests.cpp">
      <Filter>System\Collections.1</Filter>
    </ClCompile>
    <ClCompile Include="System\Collections.1\KeyValuePairTests.cpp">
      <Filter>System\Collections.1</Filter>
    </ClCompile>
    <ClCompile Include="System\Collections.1\ListTests.cpp">
      <Filter>System\Collections.1</Filter>
    </ClCompile>
    <ClCompile Include="System\Collections.1\Dictionary\KeyCollectionTests.cpp">
      <Filter>System\Collections.1\Dictionary</Filter>
    </ClCompile>
    <ClCompile Include="System\Collections.1\Dictionary\ValueCollectionTests.cpp">
      <Filter>System\Collections.1\Dictionary</Filter>
    </ClCompile>
    <ClCompile Include="System\Collections.2\LinkedListNodeTests.cpp">
      <Filter>System\Collections.2</Filter>
    </ClCompile>
    <ClCompile Include="System\Collections.2\LinkedListTests.cpp">
      <Filter>System\Collections.2</Filter>
    </ClCompile>
    <ClCompile Include="System\Collections.2\SortedDictionaryTests.cpp">
      <Filter>System\Collections.2</Filter>
    </ClCompile>
    <ClCompile Include="System\ClassTests.cpp">
      <Filter>System</Filter>
    </ClCompile>
    <ClCompile Include="System\ObjectTests.cpp">
      <Filter>System</Filter>
    </ClCompile>
    <ClCompile Include="System\ThunkTests.cpp">
      <Filter>System</Filter>
    </ClCompile>
  </ItemGroup>
</Project>