
Microsoft Visual Studio Solution File, Format Version 12.00
# Visual Studio 2012
Project("{8BC9CEB8-8B4A-11D0-8D11-00A0C91BC942}") = "Structs.cpu", "src\Structs\Structs.cpu\Structs.cpu.vcxproj", "{AB0D74D9-5F18-4FCA-AED8-58E85A652858}"
EndProject
Project("{8BC9CEB8-8B4A-11D0-8D11-00A0C91BC942}") = "Structs.cu", "src\Structs\Structs.cu\Structs.cu.vcxproj", "{821AFA21-3738-4DFC-985B-0F5C080E15E3}"
EndProject
Project("{8BC9CEB8-8B4A-11D0-8D11-00A0C91BC942}") = "Structs.cpu.Tests", "src\Structs\Structs.cpu.Tests\Structs.cpu.Tests.vcxproj", "{B0FE5597-6408-4BEF-9180-00AFC5E8BCC8}"
EndProject
Project("{2150E333-8FDC-42A3-9474-1A3956D46DE8}") = "Structs", "Structs", "{4186E901-1EDF-4147-98FD-75B7767AB0DB}"
EndProject
Project("{2150E333-8FDC-42A3-9474-1A3956D46DE8}") = "System", "System", "{C9F9CA1D-6AF6-47AE-AEE4-E5734E04EF79}"
EndProject
Project("{FAE04EC0-301F-11D3-BF4B-00C04F79EFBC}") = "System.Tests", "src\System\System.Tests\System.Tests.csproj", "{116D5E61-1608-49F3-A387-811DDFF1F72C}"
EndProject
Project("{8BC9CEB8-8B4A-11D0-8D11-00A0C91BC942}") = "System.cpu.Tests", "src\System\System.cpu.Tests\System.cpu.Tests.vcxproj", "{5F2C2EC5-CF7B-4EEE-8368-072D22EB8725}"
EndProject
Project("{8BC9CEB8-8B4A-11D0-8D11-00A0C91BC942}") = "System.cpu", "src\System\System.cpu\System.cpu.vcxproj", "{38D19A31-A959-44D7-B57D-D497A61B9A6A}"
EndProject
Project("{8BC9CEB8-8B4A-11D0-8D11-00A0C91BC942}") = "System.cu", "src\System\System.cu\System.cu.vcxproj", "{BBC93753-0E98-4BE3-891F-F8DD45B90FCE}"
EndProject
Project("{8BC9CEB8-8B4A-11D0-8D11-00A0C91BC942}") = "System.cu.Tests", "src\System\System.cu.Tests\System.cu.Tests.vcxproj", "{95E430B7-5328-401E-9F2F-98FF5634D94E}"
EndProject
Project("{8BC9CEB8-8B4A-11D0-8D11-00A0C91BC942}") = "Runtime.cu.Tests", "src\System\Runtime.cu.Tests\Runtime.cu.Tests.vcxproj", "{2A992207-4EA5-4750-9401-AAD09DFDE7E5}"
EndProject
Project("{8BC9CEB8-8B4A-11D0-8D11-00A0C91BC942}") = "Runtime.cu", "src\System\Runtime.cu\Runtime.cu.vcxproj", "{821AFA21-3738-4DFC-985B-0F5C080E15E4}"
EndProject
Global
	GlobalSection(SolutionConfigurationPlatforms) = preSolution
		Debug.2|Any CPU = Debug.2|Any CPU
		Debug.2|Mixed Platforms = Debug.2|Mixed Platforms
		Debug.2|Win32 = Debug.2|Win32
		Debug.2|x64 = Debug.2|x64
		Debug|Any CPU = Debug|Any CPU
		Debug|Mixed Platforms = Debug|Mixed Platforms
		Debug|Win32 = Debug|Win32
		Debug|x64 = Debug|x64
		Release.2|Any CPU = Release.2|Any CPU
		Release.2|Mixed Platforms = Release.2|Mixed Platforms
		Release.2|Win32 = Release.2|Win32
		Release.2|x64 = Release.2|x64
		Release|Any CPU = Release|Any CPU
		Release|Mixed Platforms = Release|Mixed Platforms
		Release|Win32 = Release|Win32
		Release|x64 = Release|x64
	EndGlobalSection
	GlobalSection(ProjectConfigurationPlatforms) = postSolution
		{AB0D74D9-5F18-4FCA-AED8-58E85A652858}.Debug.2|Any CPU.ActiveCfg = Debug|x64
		{AB0D74D9-5F18-4FCA-AED8-58E85A652858}.Debug.2|Mixed Platforms.ActiveCfg = Debug|x64
		{AB0D74D9-5F18-4FCA-AED8-58E85A652858}.Debug.2|Win32.ActiveCfg = Debug|x64
		{AB0D74D9-5F18-4FCA-AED8-58E85A652858}.Debug.2|x64.ActiveCfg = Debug|x64
		{AB0D74D9-5F18-4FCA-AED8-58E85A652858}.Debug|Any CPU.ActiveCfg = Debug|x64
		{AB0D74D9-5F18-4FCA-AED8-58E85A652858}.Debug|Mixed Platforms.ActiveCfg = Debug|x64
		{AB0D74D9-5F18-4FCA-AED8-58E85A652858}.Debug|Win32.ActiveCfg = Debug|x64
		{AB0D74D9-5F18-4FCA-AED8-58E85A652858}.Debug|x64.ActiveCfg = Debug|x64
		{AB0D74D9-5F18-4FCA-AED8-58E85A652858}.Debug|x64.Build.0 = Debug|x64
		{AB0D74D9-5F18-4FCA-AED8-58E85A652858}.Release.2|Any CPU.ActiveCfg = Release|x64
		{AB0D74D9-5F18-4FCA-AED8-58E85A652858}.Release.2|Mixed Platforms.ActiveCfg = Release|x64
		{AB0D74D9-5F18-4FCA-AED8-58E85A652858}.Release.2|Win32.ActiveCfg = Release|x64
		{AB0D74D9-5F18-4FCA-AED8-58E85A652858}.Release.2|x64.ActiveCfg = Release|x64
		{AB0D74D9-5F18-4FCA-AED8-58E85A652858}.Release|Any CPU.ActiveCfg = Release|x64
		{AB0D74D9-5F18-4FCA-AED8-58E85A652858}.Release|Mixed Platforms.ActiveCfg = Release|x64
		{AB0D74D9-5F18-4FCA-AED8-58E85A652858}.Release|Win32.ActiveCfg = Release|x64
		{AB0D74D9-5F18-4FCA-AED8-58E85A652858}.Release|x64.ActiveCfg = Release|x64
		{AB0D74D9-5F18-4FCA-AED8-58E85A652858}.Release|x64.Build.0 = Release|x64
		{821AFA21-3738-4DFC-985B-0F5C080E15E3}.Debug.2|Any CPU.ActiveCfg = Debug.2|x64
		{821AFA21-3738-4DFC-985B-0F5C080E15E3}.Debug.2|Mixed Platforms.ActiveCfg = Debug.2|x64
		{821AFA21-3738-4DFC-985B-0F5C080E15E3}.Debug.2|Win32.ActiveCfg = Debug.2|x64
		{821AFA21-3738-4DFC-985B-0F5C080E15E3}.Debug.2|x64.ActiveCfg = Debug.2|x64
		{821AFA21-3738-4DFC-985B-0F5C080E15E3}.Debug.2|x64.Build.0 = Debug.2|x64
		{821AFA21-3738-4DFC-985B-0F5C080E15E3}.Debug|Any CPU.ActiveCfg = Debug|x64
		{821AFA21-3738-4DFC-985B-0F5C080E15E3}.Debug|Mixed Platforms.ActiveCfg = Debug|x64
		{821AFA21-3738-4DFC-985B-0F5C080E15E3}.Debug|Mixed Platforms.Build.0 = Debug|x64
		{821AFA21-3738-4DFC-985B-0F5C080E15E3}.Debug|Win32.ActiveCfg = Debug|x64
		{821AFA21-3738-4DFC-985B-0F5C080E15E3}.Debug|x64.ActiveCfg = Debug|x64
		{821AFA21-3738-4DFC-985B-0F5C080E15E3}.Debug|x64.Build.0 = Debug|x64
		{821AFA21-3738-4DFC-985B-0F5C080E15E3}.Release.2|Any CPU.ActiveCfg = Release.2|x64
		{821AFA21-3738-4DFC-985B-0F5C080E15E3}.Release.2|Mixed Platforms.ActiveCfg = Release.2|x64
		{821AFA21-3738-4DFC-985B-0F5C080E15E3}.Release.2|Win32.ActiveCfg = Release.2|x64
		{821AFA21-3738-4DFC-985B-0F5C080E15E3}.Release.2|x64.ActiveCfg = Release.2|x64
		{821AFA21-3738-4DFC-985B-0F5C080E15E3}.Release.2|x64.Build.0 = Release.2|x64
		{821AFA21-3738-4DFC-985B-0F5C080E15E3}.Release|Any CPU.ActiveCfg = Release|x64
		{821AFA21-3738-4DFC-985B-0F5C080E15E3}.Release|Mixed Platforms.ActiveCfg = Release|x64
		{821AFA21-3738-4DFC-985B-0F5C080E15E3}.Release|Win32.ActiveCfg = Release|x64
		{821AFA21-3738-4DFC-985B-0F5C080E15E3}.Release|x64.ActiveCfg = Release|x64
		{821AFA21-3738-4DFC-985B-0F5C080E15E3}.Release|x64.Build.0 = Release|x64
		{B0FE5597-6408-4BEF-9180-00AFC5E8BCC8}.Debug.2|Any CPU.ActiveCfg = Debug|x64
		{B0FE5597-6408-4BEF-9180-00AFC5E8BCC8}.Debug.2|Mixed Platforms.ActiveCfg = Debug|x64
		{B0FE5597-6408-4BEF-9180-00AFC5E8BCC8}.Debug.2|Win32.ActiveCfg = Debug|x64
		{B0FE5597-6408-4BEF-9180-00AFC5E8BCC8}.Debug.2|x64.ActiveCfg = Debug|x64
		{B0FE5597-6408-4BEF-9180-00AFC5E8BCC8}.Debug|Any CPU.ActiveCfg = Debug|x64
		{B0FE5597-6408-4BEF-9180-00AFC5E8BCC8}.Debug|Mixed Platforms.ActiveCfg = Debug|x64
		{B0FE5597-6408-4BEF-9180-00AFC5E8BCC8}.Debug|Win32.ActiveCfg = Debug|x64
		{B0FE5597-6408-4BEF-9180-00AFC5E8BCC8}.Debug|x64.ActiveCfg = Debug|x64
		{B0FE5597-6408-4BEF-9180-00AFC5E8BCC8}.Debug|x64.Build.0 = Debug|x64
		{B0FE5597-6408-4BEF-9180-00AFC5E8BCC8}.Release.2|Any CPU.ActiveCfg = Release|x64
		{B0FE5597-6408-4BEF-9180-00AFC5E8BCC8}.Release.2|Mixed Platforms.ActiveCfg = Release|x64
		{B0FE5597-6408-4BEF-9180-00AFC5E8BCC8}.Release.2|Win32.ActiveCfg = Release|x64
		{B0FE5597-6408-4BEF-9180-00AFC5E8BCC8}.Release.2|x64.ActiveCfg = Release|x64
		{B0FE5597-6408-4BEF-9180-00AFC5E8BCC8}.Release|Any CPU.ActiveCfg = Release|x64
		{B0FE5597-6408-4BEF-9180-00AFC5E8BCC8}.Release|Mixed Platforms.ActiveCfg = Release|x64
		{B0FE5597-6408-4BEF-9180-00AFC5E8BCC8}.Release|Win32.ActiveCfg = Release|x64
		{B0FE5597-6408-4BEF-9180-00AFC5E8BCC8}.Release|x64.ActiveCfg = Release|x64
		{B0FE5597-6408-4BEF-9180-00AFC5E8BCC8}.Release|x64.Build.0 = Release|x64
		{116D5E61-1608-49F3-A387-811DDFF1F72C}.Debug.2|Any CPU.ActiveCfg = Debug|Any CPU
		{116D5E61-1608-49F3-A387-811DDFF1F72C}.Debug.2|Any CPU.Build.0 = Debug|Any CPU
		{116D5E61-1608-49F3-A387-811DDFF1F72C}.Debug.2|Mixed Platforms.ActiveCfg = Debug|Any CPU
		{116D5E61-1608-49F3-A387-811DDFF1F72C}.Debug.2|Win32.ActiveCfg = Debug|Any CPU
		{116D5E61-1608-49F3-A387-811DDFF1F72C}.Debug.2|x64.ActiveCfg = Debug|Any CPU
		{116D5E61-1608-49F3-A387-811DDFF1F72C}.Debug|Any CPU.ActiveCfg = Debug|Any CPU
		{116D5E61-1608-49F3-A387-811DDFF1F72C}.Debug|Any CPU.Build.0 = Debug|Any CPU
		{116D5E61-1608-49F3-A387-811DDFF1F72C}.Debug|Mixed Platforms.ActiveCfg = Debug|Any CPU
		{116D5E61-1608-49F3-A387-811DDFF1F72C}.Debug|Win32.ActiveCfg = Debug|Any CPU
		{116D5E61-1608-49F3-A387-811DDFF1F72C}.Debug|x64.ActiveCfg = Debug|Any CPU
		{116D5E61-1608-49F3-A387-811DDFF1F72C}.Release.2|Any CPU.ActiveCfg = Release|Any CPU
		{116D5E61-1608-49F3-A387-811DDFF1F72C}.Release.2|Any CPU.Build.0 = Release|Any CPU
		{116D5E61-1608-49F3-A387-811DDFF1F72C}.Release.2|Mixed Platforms.ActiveCfg = Release|Any CPU
		{116D5E61-1608-49F3-A387-811DDFF1F72C}.Release.2|Mixed Platforms.Build.0 = Release|Any CPU
		{116D5E61-1608-49F3-A387-811DDFF1F72C}.Release.2|Win32.ActiveCfg = Release|Any CPU
		{116D5E61-1608-49F3-A387-811DDFF1F72C}.Release.2|x64.ActiveCfg = Release|Any CPU
		{116D5E61-1608-49F3-A387-811DDFF1F72C}.Release|Any CPU.ActiveCfg = Release|Any CPU
		{116D5E61-1608-49F3-A387-811DDFF1F72C}.Release|Any CPU.Build.0 = Release|Any CPU
		{116D5E61-1608-49F3-A387-811DDFF1F72C}.Release|Mixed Platforms.ActiveCfg = Release|Any CPU
		{116D5E61-1608-49F3-A387-811DDFF1F72C}.Release|Win32.ActiveCfg = Release|Any CPU
		{116D5E61-1608-49F3-A387-811DDFF1F72C}.Release|x64.ActiveCfg = Release|Any CPU
		{5F2C2EC5-CF7B-4EEE-8368-072D22EB8725}.Debug.2|Any CPU.ActiveCfg = Debug|Win32
		{5F2C2EC5-CF7B-4EEE-8368-072D22EB8725}.Debug.2|Mixed Platforms.ActiveCfg = Debug|Win32
		{5F2C2EC5-CF7B-4EEE-8368-072D22EB8725}.Debug.2|Win32.ActiveCfg = Debug|Win32
		{5F2C2EC5-CF7B-4EEE-8368-072D22EB8725}.Debug.2|Win32.Build.0 = Debug|Win32
		{5F2C2EC5-CF7B-4EEE-8368-072D22EB8725}.Debug.2|x64.ActiveCfg = Debug|Win32
		{5F2C2EC5-CF7B-4EEE-8368-072D22EB8725}.Debug|Any CPU.ActiveCfg = Debug|Win32
		{5F2C2EC5-CF7B-4EEE-8368-072D22EB8725}.Debug|Mixed Platforms.ActiveCfg = Debug|Win32
		{5F2C2EC5-CF7B-4EEE-8368-072D22EB8725}.Debug|Win32.ActiveCfg = Debug|Win32
		{5F2C2EC5-CF7B-4EEE-8368-072D22EB8725}.Debug|Win32.Build.0 = Debug|Win32
		{5F2C2EC5-CF7B-4EEE-8368-072D22EB8725}.Debug|x64.ActiveCfg = Debug|Win32
		{5F2C2EC5-CF7B-4EEE-8368-072D22EB8725}.Release.2|Any CPU.ActiveCfg = Release|Win32
		{5F2C2EC5-CF7B-4EEE-8368-072D22EB8725}.Release.2|Mixed Platforms.ActiveCfg = Release|Win32
		{5F2C2EC5-CF7B-4EEE-8368-072D22EB8725}.Release.2|Mixed Platforms.Build.0 = Release|Win32
		{5F2C2EC5-CF7B-4EEE-8368-072D22EB8725}.Release.2|Win32.ActiveCfg = Release|Win32
		{5F2C2EC5-CF7B-4EEE-8368-072D22EB8725}.Release.2|Win32.Build.0 = Release|Win32
		{5F2C2EC5-CF7B-4EEE-8368-072D22EB8725}.Release.2|x64.ActiveCfg = Release|Win32
		{5F2C2EC5-CF7B-4EEE-8368-072D22EB8725}.Release|Any CPU.ActiveCfg = Release|Win32
		{5F2C2EC5-CF7B-4EEE-8368-072D22EB8725}.Release|Mixed Platforms.ActiveCfg = Release|Win32
		{5F2C2EC5-CF7B-4EEE-8368-072D22EB8725}.Release|Win32.ActiveCfg = Release|Win32
		{5F2C2EC5-CF7B-4EEE-8368-072D22EB8725}.Release|Win32.Build.0 = Release|Win32
		{5F2C2EC5-CF7B-4EEE-8368-072D22EB8725}.Release|x64.ActiveCfg = Release|Win32
		{38D19A31-A959-44D7-B57D-D497A61B9A6A}.Debug.2|Any CPU.ActiveCfg = Debug|Win32
		{38D19A31-A959-44D7-B57D-D497A61B9A6A}.Debug.2|Mixed Platforms.ActiveCfg = Debug|Win32
		{38D19A31-A959-44D7-B57D-D497A61B9A6A}.Debug.2|Win32.ActiveCfg = Debug|Win32
		{38D19A31-A959-44D7-B57D-D497A61B9A6A}.Debug.2|Win32.Build.0 = Debug|Win32
		{38D19A31-A959-44D7-B57D-D497A61B9A6A}.Debug.2|x64.ActiveCfg = Debug|Win32
		{38D19A31-A959-44D7-B57D-D497A61B9A6A}.Debug|Any CPU.ActiveCfg = Debug|Win32
		{38D19A31-A959-44D7-B57D-D497A61B9A6A}.Debug|Mixed Platforms.ActiveCfg = Debug|Win32
		{38D19A31-A959-44D7-B57D-D497A61B9A6A}.Debug|Win32.ActiveCfg = Debug|Win32
		{38D19A31-A959-44D7-B57D-D497A61B9A6A}.Debug|Win32.Build.0 = Debug|Win32
		{38D19A31-A959-44D7-B57D-D497A61B9A6A}.Debug|x64.ActiveCfg = Debug|Win32
		{38D19A31-A959-44D7-B57D-D497A61B9A6A}.Release.2|Any CPU.ActiveCfg = Release|Win32
		{38D19A31-A959-44D7-B57D-D497A61B9A6A}.Release.2|Mixed Platforms.ActiveCfg = Release|Win32
		{38D19A31-A959-44D7-B57D-D497A61B9A6A}.Release.2|Mixed Platforms.Build.0 = Release|Win32
		{38D19A31-A959-44D7-B57D-D497A61B9A6A}.Release.2|Win32.ActiveCfg = Release|Win32
		{38D19A31-A959-44D7-B57D-D497A61B9A6A}.Release.2|Win32.Build.0 = Release|Win32
		{38D19A31-A959-44D7-B57D-D497A61B9A6A}.Release.2|x64.ActiveCfg = Release|Win32
		{38D19A31-A959-44D7-B57D-D497A61B9A6A}.Release|Any CPU.ActiveCfg = Release|Win32
		{38D19A31-A959-44D7-B57D-D497A61B9A6A}.Release|Mixed Platforms.ActiveCfg = Release|Win32
		{38D19A31-A959-44D7-B57D-D497A61B9A6A}.Release|Win32.ActiveCfg = Release|Win32
		{38D19A31-A959-44D7-B57D-D497A61B9A6A}.Release|Win32.Build.0 = Release|Win32
		{38D19A31-A959-44D7-B57D-D497A61B9A6A}.Release|x64.ActiveCfg = Release|Win32
		{BBC93753-0E98-4BE3-891F-F8DD45B90FCE}.Debug.2|Any CPU.ActiveCfg = Debug.2|x64
		{BBC93753-0E98-4BE3-891F-F8DD45B90FCE}.Debug.2|Mixed Platforms.ActiveCfg = Debug.2|x64
		{BBC93753-0E98-4BE3-891F-F8DD45B90FCE}.Debug.2|Win32.ActiveCfg = Debug.2|x64
		{BBC93753-0E98-4BE3-891F-F8DD45B90FCE}.Debug.2|x64.ActiveCfg = Debug.2|x64
		{BBC93753-0E98-4BE3-891F-F8DD45B90FCE}.Debug.2|x64.Build.0 = Debug.2|x64
		{BBC93753-0E98-4BE3-891F-F8DD45B90FCE}.Debug|Any CPU.ActiveCfg = Debug|x64
		{BBC93753-0E98-4BE3-891F-F8DD45B90FCE}.Debug|Mixed Platforms.ActiveCfg = Debug|x64
		{BBC93753-0E98-4BE3-891F-F8DD45B90FCE}.Debug|Win32.ActiveCfg = Debug|x64
		{BBC93753-0E98-4BE3-891F-F8DD45B90FCE}.Debug|x64.ActiveCfg = Debug|x64
		{BBC93753-0E98-4BE3-891F-F8DD45B90FCE}.Release.2|Any CPU.ActiveCfg = Release.2|x64
		{BBC93753-0E98-4BE3-891F-F8DD45B90FCE}.Release.2|Mixed Platforms.ActiveCfg = Release.2|x64
		{BBC93753-0E98-4BE3-891F-F8DD45B90FCE}.Release.2|Mixed Platforms.Build.0 = Release.2|x64
		{BBC93753-0E98-4BE3-891F-F8DD45B90FCE}.Release.2|Win32.ActiveCfg = Release.2|x64
		{BBC93753-0E98-4BE3-891F-F8DD45B90FCE}.Release.2|x64.ActiveCfg = Release.2|x64
		{BBC93753-0E98-4BE3-891F-F8DD45B90FCE}.Release.2|x64.Build.0 = Release.2|x64
		{BBC93753-0E98-4BE3-891F-F8DD45B90FCE}.Release|Any CPU.ActiveCfg = Release|x64
		{BBC93753-0E98-4BE3-891F-F8DD45B90FCE}.Release|Mixed Platforms.ActiveCfg = Release|x64
		{BBC93753-0E98-4BE3-891F-F8DD45B90FCE}.Release|Win32.ActiveCfg = Release|x64
		{BBC93753-0E98-4BE3-891F-F8DD45B90FCE}.Release|x64.ActiveCfg = Release|x64
		{BBC93753-0E98-4BE3-891F-F8DD45B90FCE}.Release|x64.Build.0 = Release|x64
		{95E430B7-5328-401E-9F2F-98FF5634D94E}.Debug.2|Any CPU.ActiveCfg = Debug.2|x64
		{95E430B7-5328-401E-9F2F-98FF5634D94E}.Debug.2|Mixed Platforms.ActiveCfg = Debug.2|x64
		{95E430B7-5328-401E-9F2F-98FF5634D94E}.Debug.2|Win32.ActiveCfg = Debug.2|x64
		{95E430B7-5328-401E-9F2F-98FF5634D94E}.Debug.2|x64.ActiveCfg = Debug.2|x64
		{95E430B7-5328-401E-9F2F-98FF5634D94E}.Debug.2|x64.Build.0 = Debug.2|x64
		{95E430B7-5328-401E-9F2F-98FF5634D94E}.Debug|Any CPU.ActiveCfg = Debug|x64
		{95E430B7-5328-401E-9F2F-98FF5634D94E}.Debug|Mixed Platforms.ActiveCfg = Debug|x64
		{95E430B7-5328-401E-9F2F-98FF5634D94E}.Debug|Win32.ActiveCfg = Debug|x64
		{95E430B7-5328-401E-9F2F-98FF5634D94E}.Debug|x64.ActiveCfg = Debug|x64
		{95E430B7-5328-401E-9F2F-98FF5634D94E}.Release.2|Any CPU.ActiveCfg = Release.2|x64
		{95E430B7-5328-401E-9F2F-98FF5634D94E}.Release.2|Mixed Platforms.ActiveCfg = Release.2|x64
		{95E430B7-5328-401E-9F2F-98FF5634D94E}.Release.2|Mixed Platforms.Build.0 = Release.2|x64
		{95E430B7-5328-401E-9F2F-98FF5634D94E}.Release.2|Win32.ActiveCfg = Release.2|x64
		{95E430B7-5328-401E-9F2F-98FF5634D94E}.Release.2|x64.ActiveCfg = Release.2|x64
		{95E430B7-5328-401E-9F2F-98FF5634D94E}.Release.2|x64.Build.0 = Release.2|x64
		{95E430B7-5328-401E-9F2F-98FF5634D94E}.Release|Any CPU.ActiveCfg = Release|x64
		{95E430B7-5328-401E-9F2F-98FF5634D94E}.Release|Mixed Platforms.ActiveCfg = Release|x64
		{95E430B7-5328-401E-9F2F-98FF5634D94E}.Release|Win32.ActiveCfg = Release|x64
		{95E430B7-5328-401E-9F2F-98FF5634D94E}.Release|x64.ActiveCfg = Release|x64
		{95E430B7-5328-401E-9F2F-98FF5634D94E}.Release|x64.Build.0 = Release|x64
		{2A992207-4EA5-4750-9401-AAD09DFDE7E5}.Debug.2|Any CPU.ActiveCfg = Debug.2|x64
		{2A992207-4EA5-4750-9401-AAD09DFDE7E5}.Debug.2|Mixed Platforms.ActiveCfg = Debug.2|x64
		{2A992207-4EA5-4750-9401-AAD09DFDE7E5}.Debug.2|Mixed Platforms.Build.0 = Debug.2|x64
		{2A992207-4EA5-4750-9401-AAD09DFDE7E5}.Debug.2|Win32.ActiveCfg = Debug.2|x64
		{2A992207-4EA5-4750-9401-AAD09DFDE7E5}.Debug.2|x64.ActiveCfg = Debug.2|x64
		{2A992207-4EA5-4750-9401-AAD09DFDE7E5}.Debug.2|x64.Build.0 = Debug.2|x64
		{2A992207-4EA5-4750-9401-AAD09DFDE7E5}.Debug|Any CPU.ActiveCfg = Debug|x64
		{2A992207-4EA5-4750-9401-AAD09DFDE7E5}.Debug|Mixed Platforms.ActiveCfg = Debug|x64
		{2A992207-4EA5-4750-9401-AAD09DFDE7E5}.Debug|Mixed Platforms.Build.0 = Debug|x64
		{2A992207-4EA5-4750-9401-AAD09DFDE7E5}.Debug|Win32.ActiveCfg = Debug|x64
		{2A992207-4EA5-4750-9401-AAD09DFDE7E5}.Debug|x64.ActiveCfg = Debug|x64
		{2A992207-4EA5-4750-9401-AAD09DFDE7E5}.Release.2|Any CPU.ActiveCfg = Release.2|x64
		{2A992207-4EA5-4750-9401-AAD09DFDE7E5}.Release.2|Mixed Platforms.ActiveCfg = Release.2|x64
		{2A992207-4EA5-4750-9401-AAD09DFDE7E5}.Release.2|Mixed Platforms.Build.0 = Release.2|x64
		{2A992207-4EA5-4750-9401-AAD09DFDE7E5}.Release.2|Win32.ActiveCfg = Release.2|x64
		{2A992207-4EA5-4750-9401-AAD09DFDE7E5}.Release.2|x64.ActiveCfg = Release.2|x64
		{2A992207-4EA5-4750-9401-AAD09DFDE7E5}.Release.2|x64.Build.0 = Release.2|x64
		{2A992207-4EA5-4750-9401-AAD09DFDE7E5}.Release|Any CPU.ActiveCfg = Release|x64
		{2A992207-4EA5-4750-9401-AAD09DFDE7E5}.Release|Mixed Platforms.ActiveCfg = Release|x64
		{2A992207-4EA5-4750-9401-AAD09DFDE7E5}.Release|Win32.ActiveCfg = Release|x64
		{2A992207-4EA5-4750-9401-AAD09DFDE7E5}.Release|x64.ActiveCfg = Release|x64
		{2A992207-4EA5-4750-9401-AAD09DFDE7E5}.Release|x64.Build.0 = Release|x64
		{821AFA21-3738-4DFC-985B-0F5C080E15E4}.Debug.2|Any CPU.ActiveCfg = Debug.2|x64
		{821AFA21-3738-4DFC-985B-0F5C080E15E4}.Debug.2|Mixed Platforms.ActiveCfg = Debug.2|x64
		{821AFA21-3738-4DFC-985B-0F5C080E15E4}.Debug.2|Mixed Platforms.Build.0 = Debug.2|x64
		{821AFA21-3738-4DFC-985B-0F5C080E15E4}.Debug.2|Win32.ActiveCfg = Debug.2|x64
		{821AFA21-3738-4DFC-985B-0F5C080E15E4}.Debug.2|x64.ActiveCfg = Debug.2|x64
		{821AFA21-3738-4DFC-985B-0F5C080E15E4}.Debug.2|x64.Build.0 = Debug.2|x64
		{821AFA21-3738-4DFC-985B-0F5C080E15E4}.Debug|Any CPU.ActiveCfg = Debug|x64
		{821AFA21-3738-4DFC-985B-0F5C080E15E4}.Debug|Mixed Platforms.ActiveCfg = Debug|x64
		{821AFA21-3738-4DFC-985B-0F5C080E15E4}.Debug|Mixed Platforms.Build.0 = Debug|x64
		{821AFA21-3738-4DFC-985B-0F5C080E15E4}.Debug|Win32.ActiveCfg = Debug|x64
		{821AFA21-3738-4DFC-985B-0F5C080E15E4}.Debug|x64.ActiveCfg = Debug|x64
		{821AFA21-3738-4DFC-985B-0F5C080E15E4}.Debug|x64.Build.0 = Debug|x64
		{821AFA21-3738-4DFC-985B-0F5C080E15E4}.Release.2|Any CPU.ActiveCfg = Release.2|x64
		{821AFA21-3738-4DFC-985B-0F5C080E15E4}.Release.2|Mixed Platforms.ActiveCfg = Release.2|x64
		{821AFA21-3738-4DFC-985B-0F5C080E15E4}.Release.2|Mixed Platforms.Build.0 = Release.2|x64
		{821AFA21-3738-4DFC-985B-0F5C080E15E4}.Release.2|Win32.ActiveCfg = Release.2|x64
		{821AFA21-3738-4DFC-985B-0F5C080E15E4}.Release.2|x64.ActiveCfg = Release.2|x64
		{821AFA21-3738-4DFC-985B-0F5C080E15E4}.Release.2|x64.Build.0 = Release.2|x64
		{821AFA21-3738-4DFC-985B-0F5C080E15E4}.Release|Any CPU.ActiveCfg = Release|x64
		{821AFA21-3738-4DFC-985B-0F5C080E15E4}.Release|Mixed Platforms.ActiveCfg = Release|x64
		{821AFA21-3738-4DFC-985B-0F5C080E15E4}.Release|Mixed Platforms.Build.0 = Release|x64
		{821AFA21-3738-4DFC-985B-0F5C080E15E4}.Release|Win32.ActiveCfg = Release|x64
		{821AFA21-3738-4DFC-985B-0F5C080E15E4}.Release|x64.ActiveCfg = Release|x64
		{821AFA21-3738-4DFC-985B-0F5C080E15E4}.Release|x64.Build.0 = Release|x64
	EndGlobalSection
	GlobalSection(SolutionProperties) = preSolution
		HideSolutionNode = FALSE
	EndGlobalSection
	GlobalSection(NestedProjects) = preSolution
		{821AFA21-3738-4DFC-985B-0F5C080E15E3} = {4186E901-1EDF-4147-98FD-75B7767AB0DB}
		{B0FE5597-6408-4BEF-9180-00AFC5E8BCC8} = {4186E901-1EDF-4147-98FD-75B7767AB0DB}
		{AB0D74D9-5F18-4FCA-AED8-58E85A652858} = {4186E901-1EDF-4147-98FD-75B7767AB0DB}
		{116D5E61-1608-49F3-A387-811DDFF1F72C} = {C9F9CA1D-6AF6-47AE-AEE4-E5734E04EF79}
		{5F2C2EC5-CF7B-4EEE-8368-072D22EB8725} = {C9F9CA1D-6AF6-47AE-AEE4-E5734E04EF79}
		{38D19A31-A959-44D7-B57D-D497A61B9A6A} = {C9F9CA1D-6AF6-47AE-AEE4-E5734E04EF79}
		{BBC93753-0E98-4BE3-891F-F8DD45B90FCE} = {C9F9CA1D-6AF6-47AE-AEE4-E5734E04EF79}
		{95E430B7-5328-401E-9F2F-98FF5634D94E} = {C9F9CA1D-6AF6-47AE-AEE4-E5734E04EF79}
		{2A992207-4EA5-4750-9401-AAD09DFDE7E5} = {C9F9CA1D-6AF6-47AE-AEE4-E5734E04EF79}
		{821AFA21-3738-4DFC-985B-0F5C080E15E4} = {C9F9CA1D-6AF6-47AE-AEE4-E5734E04EF79}
	EndGlobalSection
EndGlobal
