
Microsoft Visual Studio Solution File, Format Version 12.00
# Visual Studio 2012
Project("{2150E333-8FDC-42A3-9474-1A3956D46DE8}") = "Runtime", "Runtime", "{E3EEC6A9-8F94-4377-964E-B4E6457759B3}"
EndProject
Project("{2150E333-8FDC-42A3-9474-1A3956D46DE8}") = "System", "System", "{88E97B5A-B2C4-44F9-B808-EA467C4886EC}"
EndProject
Project("{8BC9CEB8-8B4A-11D0-8D11-00A0C91BC942}") = "Runtime", "src\Runtime\Runtime.vcxproj", "{821AFA21-3738-4DFC-985B-0F5C080E15E4}"
EndProject
Project("{8BC9CEB8-8B4A-11D0-8D11-00A0C91BC942}") = "Runtime.Run", "src\Runtime.Run\Runtime.Run.vcxproj", "{A38430CF-CB26-43F0-94B7-6E78A0950FF5}"
	ProjectSection(ProjectDependencies) = postProject
		{821AFA21-3738-4DFC-985B-0F5C080E15E4} = {821AFA21-3738-4DFC-985B-0F5C080E15E4}
	EndProjectSection
EndProject
Project("{8BC9CEB8-8B4A-11D0-8D11-00A0C91BC942}") = "Runtime.Tests", "src\Runtime.Tests\Runtime.Tests.vcxproj", "{2A992207-4EA5-4750-9401-AAD09DFDE7E5}"
	ProjectSection(ProjectDependencies) = postProject
		{821AFA21-3738-4DFC-985B-0F5C080E15E4} = {821AFA21-3738-4DFC-985B-0F5C080E15E4}
	EndProjectSection
EndProject
Project("{FAE04EC0-301F-11D3-BF4B-00C04F79EFBC}") = "Tcl.net", "src\Tcl.net\Tcl.net.csproj", "{AC10E287-6947-487A-8946-F4E031F5CDE8}"
EndProject
Project("{2150E333-8FDC-42A3-9474-1A3956D46DE8}") = "Tcl", "Tcl", "{8C3E06C3-028A-4A18-8E34-AB380248DB42}"
EndProject
Project("{8BC9CEB8-8B4A-11D0-8D11-00A0C91BC942}") = "Tcl", "src\Tcl\Tcl.vcxproj", "{921AFA21-3738-4DFC-985B-0F5C080E15E4}"
EndProject
Project("{8BC9CEB8-8B4A-11D0-8D11-00A0C91BC942}") = "SystemL", "src\SystemL\SystemL.vcxproj", "{ACDAB731-E71B-406B-B023-6A3FD7957591}"
	ProjectSection(ProjectDependencies) = postProject
		{821AFA21-3738-4DFC-985B-0F5C080E15E4} = {821AFA21-3738-4DFC-985B-0F5C080E15E4}
	EndProjectSection
EndProject
Project("{FAE04EC0-301F-11D3-BF4B-00C04F79EFBC}") = "SystemL.net", "src\SystemL.net\SystemL.net.csproj", "{30180E7B-AABE-4F33-9C2C-F8A447024674}"
EndProject
Project("{8BC9CEB8-8B4A-11D0-8D11-00A0C91BC942}") = "SystemL.Tests", "src\SystemL.Tests\SystemL.Tests.vcxproj", "{3A992207-4EA5-4750-9401-AAD09DFDE7E5}"
	ProjectSection(ProjectDependencies) = postProject
		{ACDAB731-E71B-406B-B023-6A3FD7957591} = {ACDAB731-E71B-406B-B023-6A3FD7957591}
	EndProjectSection
EndProject
Project("{FAE04EC0-301F-11D3-BF4B-00C04F79EFBC}") = "SystemL.Data.net", "src\SystemL.Data.net\SystemL.Data.net.csproj", "{31180E7B-AABE-4F33-9C2C-F8A447024674}"
EndProject
Project("{8BC9CEB8-8B4A-11D0-8D11-00A0C91BC942}") = "SystemL.Data", "src\SystemL.Data\SystemL.Data.vcxproj", "{AADAB731-E71B-406B-B023-6A3FD7957591}"
	ProjectSection(ProjectDependencies) = postProject
		{ACDAB731-E71B-406B-B023-6A3FD7957591} = {ACDAB731-E71B-406B-B023-6A3FD7957591}
	EndProjectSection
EndProject
Project("{8BC9CEB8-8B4A-11D0-8D11-00A0C91BC942}") = "SystemL.Data.Tests", "src\SystemL.Data.Tests\SystemL.Data.Tests.vcxproj", "{3D992207-4EA5-4750-9401-AAD09DFDE7E5}"
	ProjectSection(ProjectDependencies) = postProject
		{AADAB731-E71B-406B-B023-6A3FD7957591} = {AADAB731-E71B-406B-B023-6A3FD7957591}
	EndProjectSection
EndProject
Project("{FAE04EC0-301F-11D3-BF4B-00C04F79EFBC}") = "Runtime.net", "src\Runtime.net\Runtime.net.csproj", "{06098F19-6185-43A5-AD77-B0E8C10AC885}"
EndProject
Global
	GlobalSection(SolutionConfigurationPlatforms) = preSolution
		Debug.cpu|Any CPU = Debug.cpu|Any CPU
		Debug.cpu|Mixed Platforms = Debug.cpu|Mixed Platforms
		Debug.cpu|x64 = Debug.cpu|x64
		Debug.cu|Any CPU = Debug.cu|Any CPU
		Debug.cu|Mixed Platforms = Debug.cu|Mixed Platforms
		Debug.cu|x64 = Debug.cu|x64
		Release.cpu|Any CPU = Release.cpu|Any CPU
		Release.cpu|Mixed Platforms = Release.cpu|Mixed Platforms
		Release.cpu|x64 = Release.cpu|x64
		Release.cu|Any CPU = Release.cu|Any CPU
		Release.cu|Mixed Platforms = Release.cu|Mixed Platforms
		Release.cu|x64 = Release.cu|x64
	EndGlobalSection
	GlobalSection(ProjectConfigurationPlatforms) = postSolution
		{821AFA21-3738-4DFC-985B-0F5C080E15E4}.Debug.cpu|Any CPU.ActiveCfg = Debug.cpu|x64
		{821AFA21-3738-4DFC-985B-0F5C080E15E4}.Debug.cpu|Mixed Platforms.ActiveCfg = Debug.cpu|x64
		{821AFA21-3738-4DFC-985B-0F5C080E15E4}.Debug.cpu|Mixed Platforms.Build.0 = Debug.cpu|x64
		{821AFA21-3738-4DFC-985B-0F5C080E15E4}.Debug.cpu|x64.ActiveCfg = Debug.cpu|x64
		{821AFA21-3738-4DFC-985B-0F5C080E15E4}.Debug.cpu|x64.Build.0 = Debug.cpu|x64
		{821AFA21-3738-4DFC-985B-0F5C080E15E4}.Debug.cu|Any CPU.ActiveCfg = Debug.cu|x64
		{821AFA21-3738-4DFC-985B-0F5C080E15E4}.Debug.cu|Mixed Platforms.ActiveCfg = Debug.cu|x64
		{821AFA21-3738-4DFC-985B-0F5C080E15E4}.Debug.cu|Mixed Platforms.Build.0 = Debug.cu|x64
		{821AFA21-3738-4DFC-985B-0F5C080E15E4}.Debug.cu|x64.ActiveCfg = Debug.cu|x64
		{821AFA21-3738-4DFC-985B-0F5C080E15E4}.Debug.cu|x64.Build.0 = Debug.cu|x64
		{821AFA21-3738-4DFC-985B-0F5C080E15E4}.Release.cpu|Any CPU.ActiveCfg = Release.cpu|x64
		{821AFA21-3738-4DFC-985B-0F5C080E15E4}.Release.cpu|Mixed Platforms.ActiveCfg = Release.cpu|x64
		{821AFA21-3738-4DFC-985B-0F5C080E15E4}.Release.cpu|Mixed Platforms.Build.0 = Release.cpu|x64
		{821AFA21-3738-4DFC-985B-0F5C080E15E4}.Release.cpu|x64.ActiveCfg = Release.cpu|x64
		{821AFA21-3738-4DFC-985B-0F5C080E15E4}.Release.cpu|x64.Build.0 = Release.cpu|x64
		{821AFA21-3738-4DFC-985B-0F5C080E15E4}.Release.cu|Any CPU.ActiveCfg = Release.cu|x64
		{821AFA21-3738-4DFC-985B-0F5C080E15E4}.Release.cu|Mixed Platforms.ActiveCfg = Release.cu|x64
		{821AFA21-3738-4DFC-985B-0F5C080E15E4}.Release.cu|Mixed Platforms.Build.0 = Release.cu|x64
		{821AFA21-3738-4DFC-985B-0F5C080E15E4}.Release.cu|x64.ActiveCfg = Release.cu|x64
		{821AFA21-3738-4DFC-985B-0F5C080E15E4}.Release.cu|x64.Build.0 = Release.cu|x64
		{A38430CF-CB26-43F0-94B7-6E78A0950FF5}.Debug.cpu|Any CPU.ActiveCfg = Debug.cpu|x64
		{A38430CF-CB26-43F0-94B7-6E78A0950FF5}.Debug.cpu|Mixed Platforms.ActiveCfg = Debug.cpu|x64
		{A38430CF-CB26-43F0-94B7-6E78A0950FF5}.Debug.cpu|x64.ActiveCfg = Debug.cpu|x64
		{A38430CF-CB26-43F0-94B7-6E78A0950FF5}.Debug.cu|Any CPU.ActiveCfg = Debug.cu|x64
		{A38430CF-CB26-43F0-94B7-6E78A0950FF5}.Debug.cu|Mixed Platforms.ActiveCfg = Debug.cu|x64
		{A38430CF-CB26-43F0-94B7-6E78A0950FF5}.Debug.cu|Mixed Platforms.Build.0 = Debug.cu|x64
		{A38430CF-CB26-43F0-94B7-6E78A0950FF5}.Debug.cu|x64.ActiveCfg = Debug.cu|x64
		{A38430CF-CB26-43F0-94B7-6E78A0950FF5}.Release.cpu|Any CPU.ActiveCfg = Release.cpu|x64
		{A38430CF-CB26-43F0-94B7-6E78A0950FF5}.Release.cpu|Mixed Platforms.ActiveCfg = Release.cpu|x64
		{A38430CF-CB26-43F0-94B7-6E78A0950FF5}.Release.cpu|x64.ActiveCfg = Release.cpu|x64
		{A38430CF-CB26-43F0-94B7-6E78A0950FF5}.Release.cu|Any CPU.ActiveCfg = Release.cu|x64
		{A38430CF-CB26-43F0-94B7-6E78A0950FF5}.Release.cu|Mixed Platforms.ActiveCfg = Release.cu|x64
		{A38430CF-CB26-43F0-94B7-6E78A0950FF5}.Release.cu|Mixed Platforms.Build.0 = Release.cu|x64
		{A38430CF-CB26-43F0-94B7-6E78A0950FF5}.Release.cu|x64.ActiveCfg = Release.cu|x64
		{2A992207-4EA5-4750-9401-AAD09DFDE7E5}.Debug.cpu|Any CPU.ActiveCfg = Debug.cpu|x64
		{2A992207-4EA5-4750-9401-AAD09DFDE7E5}.Debug.cpu|Mixed Platforms.ActiveCfg = Debug.cpu|x64
		{2A992207-4EA5-4750-9401-AAD09DFDE7E5}.Debug.cpu|x64.ActiveCfg = Debug.cpu|x64
		{2A992207-4EA5-4750-9401-AAD09DFDE7E5}.Debug.cu|Any CPU.ActiveCfg = Debug.cu|x64
		{2A992207-4EA5-4750-9401-AAD09DFDE7E5}.Debug.cu|Mixed Platforms.ActiveCfg = Debug.cu|x64
		{2A992207-4EA5-4750-9401-AAD09DFDE7E5}.Debug.cu|Mixed Platforms.Build.0 = Debug.cu|x64
		{2A992207-4EA5-4750-9401-AAD09DFDE7E5}.Debug.cu|x64.ActiveCfg = Debug.cu|x64
		{2A992207-4EA5-4750-9401-AAD09DFDE7E5}.Debug.cu|x64.Build.0 = Debug.cu|x64
		{2A992207-4EA5-4750-9401-AAD09DFDE7E5}.Release.cpu|Any CPU.ActiveCfg = Release.cpu|x64
		{2A992207-4EA5-4750-9401-AAD09DFDE7E5}.Release.cpu|Mixed Platforms.ActiveCfg = Release.cpu|x64
		{2A992207-4EA5-4750-9401-AAD09DFDE7E5}.Release.cpu|x64.ActiveCfg = Release.cpu|x64
		{2A992207-4EA5-4750-9401-AAD09DFDE7E5}.Release.cu|Any CPU.ActiveCfg = Release.cu|x64
		{2A992207-4EA5-4750-9401-AAD09DFDE7E5}.Release.cu|Mixed Platforms.ActiveCfg = Release.cu|x64
		{2A992207-4EA5-4750-9401-AAD09DFDE7E5}.Release.cu|Mixed Platforms.Build.0 = Release.cu|x64
		{2A992207-4EA5-4750-9401-AAD09DFDE7E5}.Release.cu|x64.ActiveCfg = Release.cu|x64
		{2A992207-4EA5-4750-9401-AAD09DFDE7E5}.Release.cu|x64.Build.0 = Release.cu|x64
		{AC10E287-6947-487A-8946-F4E031F5CDE8}.Debug.cpu|Any CPU.ActiveCfg = Debug|Any CPU
		{AC10E287-6947-487A-8946-F4E031F5CDE8}.Debug.cpu|Mixed Platforms.ActiveCfg = Debug|Any CPU
		{AC10E287-6947-487A-8946-F4E031F5CDE8}.Debug.cpu|x64.ActiveCfg = Debug|Any CPU
		{AC10E287-6947-487A-8946-F4E031F5CDE8}.Debug.cu|Any CPU.ActiveCfg = Debug|Any CPU
		{AC10E287-6947-487A-8946-F4E031F5CDE8}.Debug.cu|Mixed Platforms.ActiveCfg = Debug|Any CPU
		{AC10E287-6947-487A-8946-F4E031F5CDE8}.Debug.cu|x64.ActiveCfg = Debug|Any CPU
		{AC10E287-6947-487A-8946-F4E031F5CDE8}.Release.cpu|Any CPU.ActiveCfg = Release|Any CPU
		{AC10E287-6947-487A-8946-F4E031F5CDE8}.Release.cpu|Mixed Platforms.ActiveCfg = Release|Any CPU
		{AC10E287-6947-487A-8946-F4E031F5CDE8}.Release.cpu|x64.ActiveCfg = Release|Any CPU
		{AC10E287-6947-487A-8946-F4E031F5CDE8}.Release.cu|Any CPU.ActiveCfg = Release|Any CPU
		{AC10E287-6947-487A-8946-F4E031F5CDE8}.Release.cu|Mixed Platforms.ActiveCfg = Release|Any CPU
		{AC10E287-6947-487A-8946-F4E031F5CDE8}.Release.cu|x64.ActiveCfg = Release|Any CPU
		{921AFA21-3738-4DFC-985B-0F5C080E15E4}.Debug.cpu|Any CPU.ActiveCfg = Debug.cpu|x64
		{921AFA21-3738-4DFC-985B-0F5C080E15E4}.Debug.cpu|Mixed Platforms.ActiveCfg = Debug.cpu|x64
		{921AFA21-3738-4DFC-985B-0F5C080E15E4}.Debug.cpu|x64.ActiveCfg = Debug.cpu|x64
		{921AFA21-3738-4DFC-985B-0F5C080E15E4}.Debug.cu|Any CPU.ActiveCfg = Debug.cu|x64
		{921AFA21-3738-4DFC-985B-0F5C080E15E4}.Debug.cu|Mixed Platforms.ActiveCfg = Debug.cu|x64
		{921AFA21-3738-4DFC-985B-0F5C080E15E4}.Debug.cu|x64.ActiveCfg = Debug.cu|x64
		{921AFA21-3738-4DFC-985B-0F5C080E15E4}.Release.cpu|Any CPU.ActiveCfg = Release.cpu|x64
		{921AFA21-3738-4DFC-985B-0F5C080E15E4}.Release.cpu|Mixed Platforms.ActiveCfg = Release.cpu|x64
		{921AFA21-3738-4DFC-985B-0F5C080E15E4}.Release.cpu|x64.ActiveCfg = Release.cpu|x64
		{921AFA21-3738-4DFC-985B-0F5C080E15E4}.Release.cu|Any CPU.ActiveCfg = Release.cu|x64
		{921AFA21-3738-4DFC-985B-0F5C080E15E4}.Release.cu|Mixed Platforms.ActiveCfg = Release.cu|x64
		{921AFA21-3738-4DFC-985B-0F5C080E15E4}.Release.cu|x64.ActiveCfg = Release.cu|x64
		{ACDAB731-E71B-406B-B023-6A3FD7957591}.Debug.cpu|Any CPU.ActiveCfg = Debug.cpu|x64
		{ACDAB731-E71B-406B-B023-6A3FD7957591}.Debug.cpu|Mixed Platforms.ActiveCfg = Debug.cpu|x64
		{ACDAB731-E71B-406B-B023-6A3FD7957591}.Debug.cpu|Mixed Platforms.Build.0 = Debug.cpu|x64
		{ACDAB731-E71B-406B-B023-6A3FD7957591}.Debug.cpu|x64.ActiveCfg = Debug.cpu|x64
		{ACDAB731-E71B-406B-B023-6A3FD7957591}.Debug.cpu|x64.Build.0 = Debug.cpu|x64
		{ACDAB731-E71B-406B-B023-6A3FD7957591}.Debug.cu|Any CPU.ActiveCfg = Debug.cu|x64
		{ACDAB731-E71B-406B-B023-6A3FD7957591}.Debug.cu|Mixed Platforms.ActiveCfg = Debug.cu|x64
		{ACDAB731-E71B-406B-B023-6A3FD7957591}.Debug.cu|Mixed Platforms.Build.0 = Debug.cu|x64
		{ACDAB731-E71B-406B-B023-6A3FD7957591}.Debug.cu|x64.ActiveCfg = Debug.cu|x64
		{ACDAB731-E71B-406B-B023-6A3FD7957591}.Debug.cu|x64.Build.0 = Debug.cu|x64
		{ACDAB731-E71B-406B-B023-6A3FD7957591}.Release.cpu|Any CPU.ActiveCfg = Release.cpu|x64
		{ACDAB731-E71B-406B-B023-6A3FD7957591}.Release.cpu|Mixed Platforms.ActiveCfg = Release.cpu|x64
		{ACDAB731-E71B-406B-B023-6A3FD7957591}.Release.cpu|Mixed Platforms.Build.0 = Release.cpu|x64
		{ACDAB731-E71B-406B-B023-6A3FD7957591}.Release.cpu|x64.ActiveCfg = Release.cpu|x64
		{ACDAB731-E71B-406B-B023-6A3FD7957591}.Release.cpu|x64.Build.0 = Release.cpu|x64
		{ACDAB731-E71B-406B-B023-6A3FD7957591}.Release.cu|Any CPU.ActiveCfg = Release.cu|x64
		{ACDAB731-E71B-406B-B023-6A3FD7957591}.Release.cu|Mixed Platforms.ActiveCfg = Release.cu|x64
		{ACDAB731-E71B-406B-B023-6A3FD7957591}.Release.cu|Mixed Platforms.Build.0 = Release.cu|x64
		{ACDAB731-E71B-406B-B023-6A3FD7957591}.Release.cu|x64.ActiveCfg = Release.cu|x64
		{ACDAB731-E71B-406B-B023-6A3FD7957591}.Release.cu|x64.Build.0 = Release.cu|x64
		{30180E7B-AABE-4F33-9C2C-F8A447024674}.Debug.cpu|Any CPU.ActiveCfg = Debug.cpu|Any CPU
		{30180E7B-AABE-4F33-9C2C-F8A447024674}.Debug.cpu|Any CPU.Build.0 = Debug.cpu|Any CPU
		{30180E7B-AABE-4F33-9C2C-F8A447024674}.Debug.cpu|Mixed Platforms.ActiveCfg = Debug.cpu|Any CPU
		{30180E7B-AABE-4F33-9C2C-F8A447024674}.Debug.cpu|Mixed Platforms.Build.0 = Debug.cpu|Any CPU
		{30180E7B-AABE-4F33-9C2C-F8A447024674}.Debug.cpu|x64.ActiveCfg = Debug.cpu|Any CPU
		{30180E7B-AABE-4F33-9C2C-F8A447024674}.Debug.cu|Any CPU.ActiveCfg = Debug.cpu|Any CPU
		{30180E7B-AABE-4F33-9C2C-F8A447024674}.Debug.cu|Any CPU.Build.0 = Debug.cpu|Any CPU
		{30180E7B-AABE-4F33-9C2C-F8A447024674}.Debug.cu|Mixed Platforms.ActiveCfg = Debug.cpu|Any CPU
		{30180E7B-AABE-4F33-9C2C-F8A447024674}.Debug.cu|x64.ActiveCfg = Debug.cpu|Any CPU
		{30180E7B-AABE-4F33-9C2C-F8A447024674}.Release.cpu|Any CPU.ActiveCfg = Release.cpu|Any CPU
		{30180E7B-AABE-4F33-9C2C-F8A447024674}.Release.cpu|Any CPU.Build.0 = Release.cpu|Any CPU
		{30180E7B-AABE-4F33-9C2C-F8A447024674}.Release.cpu|Mixed Platforms.ActiveCfg = Release.cpu|Any CPU
		{30180E7B-AABE-4F33-9C2C-F8A447024674}.Release.cpu|Mixed Platforms.Build.0 = Release.cpu|Any CPU
		{30180E7B-AABE-4F33-9C2C-F8A447024674}.Release.cpu|x64.ActiveCfg = Release.cpu|Any CPU
		{30180E7B-AABE-4F33-9C2C-F8A447024674}.Release.cu|Any CPU.ActiveCfg = Release.cpu|Any CPU
		{30180E7B-AABE-4F33-9C2C-F8A447024674}.Release.cu|Any CPU.Build.0 = Release.cpu|Any CPU
		{30180E7B-AABE-4F33-9C2C-F8A447024674}.Release.cu|Mixed Platforms.ActiveCfg = Release.cpu|Any CPU
		{30180E7B-AABE-4F33-9C2C-F8A447024674}.Release.cu|x64.ActiveCfg = Release.cpu|Any CPU
		{3A992207-4EA5-4750-9401-AAD09DFDE7E5}.Debug.cpu|Any CPU.ActiveCfg = Debug.cpu|x64
		{3A992207-4EA5-4750-9401-AAD09DFDE7E5}.Debug.cpu|Mixed Platforms.ActiveCfg = Debug.cpu|x64
		{3A992207-4EA5-4750-9401-AAD09DFDE7E5}.Debug.cpu|x64.ActiveCfg = Debug.cpu|x64
		{3A992207-4EA5-4750-9401-AAD09DFDE7E5}.Debug.cu|Any CPU.ActiveCfg = Debug.cu|x64
		{3A992207-4EA5-4750-9401-AAD09DFDE7E5}.Debug.cu|Mixed Platforms.ActiveCfg = Debug.cu|x64
		{3A992207-4EA5-4750-9401-AAD09DFDE7E5}.Debug.cu|x64.ActiveCfg = Debug.cu|x64
		{3A992207-4EA5-4750-9401-AAD09DFDE7E5}.Debug.cu|x64.Build.0 = Debug.cu|x64
		{3A992207-4EA5-4750-9401-AAD09DFDE7E5}.Release.cpu|Any CPU.ActiveCfg = Release.cpu|x64
		{3A992207-4EA5-4750-9401-AAD09DFDE7E5}.Release.cpu|Mixed Platforms.ActiveCfg = Release.cpu|x64
		{3A992207-4EA5-4750-9401-AAD09DFDE7E5}.Release.cpu|Mixed Platforms.Build.0 = Release.cpu|x64
		{3A992207-4EA5-4750-9401-AAD09DFDE7E5}.Release.cpu|x64.ActiveCfg = Release.cpu|x64
		{3A992207-4EA5-4750-9401-AAD09DFDE7E5}.Release.cpu|x64.Build.0 = Release.cpu|x64
		{3A992207-4EA5-4750-9401-AAD09DFDE7E5}.Release.cu|Any CPU.ActiveCfg = Release.cu|x64
		{3A992207-4EA5-4750-9401-AAD09DFDE7E5}.Release.cu|Mixed Platforms.ActiveCfg = Release.cu|x64
		{3A992207-4EA5-4750-9401-AAD09DFDE7E5}.Release.cu|Mixed Platforms.Build.0 = Release.cu|x64
		{3A992207-4EA5-4750-9401-AAD09DFDE7E5}.Release.cu|x64.ActiveCfg = Release.cu|x64
		{3A992207-4EA5-4750-9401-AAD09DFDE7E5}.Release.cu|x64.Build.0 = Release.cu|x64
		{31180E7B-AABE-4F33-9C2C-F8A447024674}.Debug.cpu|Any CPU.ActiveCfg = Debug.cpu|Any CPU
		{31180E7B-AABE-4F33-9C2C-F8A447024674}.Debug.cpu|Any CPU.Build.0 = Debug.cpu|Any CPU
		{31180E7B-AABE-4F33-9C2C-F8A447024674}.Debug.cpu|Mixed Platforms.ActiveCfg = Debug.cpu|Any CPU
		{31180E7B-AABE-4F33-9C2C-F8A447024674}.Debug.cpu|x64.ActiveCfg = Debug.cpu|Any CPU
		{31180E7B-AABE-4F33-9C2C-F8A447024674}.Debug.cu|Any CPU.ActiveCfg = Debug.cpu|Any CPU
		{31180E7B-AABE-4F33-9C2C-F8A447024674}.Debug.cu|Any CPU.Build.0 = Debug.cpu|Any CPU
		{31180E7B-AABE-4F33-9C2C-F8A447024674}.Debug.cu|Mixed Platforms.ActiveCfg = Debug.cpu|Any CPU
		{31180E7B-AABE-4F33-9C2C-F8A447024674}.Debug.cu|x64.ActiveCfg = Debug.cpu|Any CPU
		{31180E7B-AABE-4F33-9C2C-F8A447024674}.Release.cpu|Any CPU.ActiveCfg = Release.cpu|Any CPU
		{31180E7B-AABE-4F33-9C2C-F8A447024674}.Release.cpu|Any CPU.Build.0 = Release.cpu|Any CPU
		{31180E7B-AABE-4F33-9C2C-F8A447024674}.Release.cpu|Mixed Platforms.ActiveCfg = Release.cpu|Any CPU
		{31180E7B-AABE-4F33-9C2C-F8A447024674}.Release.cpu|x64.ActiveCfg = Release.cpu|Any CPU
		{31180E7B-AABE-4F33-9C2C-F8A447024674}.Release.cu|Any CPU.ActiveCfg = Release.cpu|Any CPU
		{31180E7B-AABE-4F33-9C2C-F8A447024674}.Release.cu|Any CPU.Build.0 = Release.cpu|Any CPU
		{31180E7B-AABE-4F33-9C2C-F8A447024674}.Release.cu|Mixed Platforms.ActiveCfg = Release.cpu|Any CPU
		{31180E7B-AABE-4F33-9C2C-F8A447024674}.Release.cu|x64.ActiveCfg = Release.cpu|Any CPU
		{AADAB731-E71B-406B-B023-6A3FD7957591}.Debug.cpu|Any CPU.ActiveCfg = Debug.cpu|x64
		{AADAB731-E71B-406B-B023-6A3FD7957591}.Debug.cpu|Mixed Platforms.ActiveCfg = Debug.cpu|x64
		{AADAB731-E71B-406B-B023-6A3FD7957591}.Debug.cpu|Mixed Platforms.Build.0 = Debug.cpu|x64
		{AADAB731-E71B-406B-B023-6A3FD7957591}.Debug.cpu|x64.ActiveCfg = Debug.cpu|x64
		{AADAB731-E71B-406B-B023-6A3FD7957591}.Debug.cpu|x64.Build.0 = Debug.cpu|x64
		{AADAB731-E71B-406B-B023-6A3FD7957591}.Debug.cu|Any CPU.ActiveCfg = Debug.cu|x64
		{AADAB731-E71B-406B-B023-6A3FD7957591}.Debug.cu|Mixed Platforms.ActiveCfg = Debug.cu|x64
		{AADAB731-E71B-406B-B023-6A3FD7957591}.Debug.cu|Mixed Platforms.Build.0 = Debug.cu|x64
		{AADAB731-E71B-406B-B023-6A3FD7957591}.Debug.cu|x64.ActiveCfg = Debug.cu|x64
		{AADAB731-E71B-406B-B023-6A3FD7957591}.Debug.cu|x64.Build.0 = Debug.cu|x64
		{AADAB731-E71B-406B-B023-6A3FD7957591}.Release.cpu|Any CPU.ActiveCfg = Release.cpu|x64
		{AADAB731-E71B-406B-B023-6A3FD7957591}.Release.cpu|Mixed Platforms.ActiveCfg = Release.cpu|x64
		{AADAB731-E71B-406B-B023-6A3FD7957591}.Release.cpu|x64.ActiveCfg = Release.cpu|x64
		{AADAB731-E71B-406B-B023-6A3FD7957591}.Release.cpu|x64.Build.0 = Release.cpu|x64
		{AADAB731-E71B-406B-B023-6A3FD7957591}.Release.cu|Any CPU.ActiveCfg = Release.cu|x64
		{AADAB731-E71B-406B-B023-6A3FD7957591}.Release.cu|Mixed Platforms.ActiveCfg = Release.cu|x64
		{AADAB731-E71B-406B-B023-6A3FD7957591}.Release.cu|x64.ActiveCfg = Release.cu|x64
		{AADAB731-E71B-406B-B023-6A3FD7957591}.Release.cu|x64.Build.0 = Release.cu|x64
		{3D992207-4EA5-4750-9401-AAD09DFDE7E5}.Debug.cpu|Any CPU.ActiveCfg = Debug.cpu|x64
		{3D992207-4EA5-4750-9401-AAD09DFDE7E5}.Debug.cpu|Mixed Platforms.ActiveCfg = Debug.cpu|x64
		{3D992207-4EA5-4750-9401-AAD09DFDE7E5}.Debug.cpu|x64.ActiveCfg = Debug.cpu|x64
		{3D992207-4EA5-4750-9401-AAD09DFDE7E5}.Debug.cu|Any CPU.ActiveCfg = Debug.cu|x64
		{3D992207-4EA5-4750-9401-AAD09DFDE7E5}.Debug.cu|Mixed Platforms.ActiveCfg = Debug.cu|x64
		{3D992207-4EA5-4750-9401-AAD09DFDE7E5}.Debug.cu|x64.ActiveCfg = Debug.cu|x64
		{3D992207-4EA5-4750-9401-AAD09DFDE7E5}.Debug.cu|x64.Build.0 = Debug.cu|x64
		{3D992207-4EA5-4750-9401-AAD09DFDE7E5}.Release.cpu|Any CPU.ActiveCfg = Release.cpu|x64
		{3D992207-4EA5-4750-9401-AAD09DFDE7E5}.Release.cpu|Mixed Platforms.ActiveCfg = Release.cpu|x64
		{3D992207-4EA5-4750-9401-AAD09DFDE7E5}.Release.cpu|x64.ActiveCfg = Release.cpu|x64
		{3D992207-4EA5-4750-9401-AAD09DFDE7E5}.Release.cpu|x64.Build.0 = Release.cpu|x64
		{3D992207-4EA5-4750-9401-AAD09DFDE7E5}.Release.cu|Any CPU.ActiveCfg = Release.cu|x64
		{3D992207-4EA5-4750-9401-AAD09DFDE7E5}.Release.cu|Mixed Platforms.ActiveCfg = Release.cu|x64
		{3D992207-4EA5-4750-9401-AAD09DFDE7E5}.Release.cu|x64.ActiveCfg = Release.cu|x64
		{3D992207-4EA5-4750-9401-AAD09DFDE7E5}.Release.cu|x64.Build.0 = Release.cu|x64
		{06098F19-6185-43A5-AD77-B0E8C10AC885}.Debug.cpu|Any CPU.ActiveCfg = Debug.cpu|Any CPU
		{06098F19-6185-43A5-AD77-B0E8C10AC885}.Debug.cpu|Any CPU.Build.0 = Debug.cpu|Any CPU
		{06098F19-6185-43A5-AD77-B0E8C10AC885}.Debug.cpu|Mixed Platforms.ActiveCfg = Debug.cpu|Any CPU
		{06098F19-6185-43A5-AD77-B0E8C10AC885}.Debug.cpu|Mixed Platforms.Build.0 = Debug.cpu|Any CPU
		{06098F19-6185-43A5-AD77-B0E8C10AC885}.Debug.cpu|x64.ActiveCfg = Debug.cpu|Any CPU
		{06098F19-6185-43A5-AD77-B0E8C10AC885}.Debug.cu|Any CPU.ActiveCfg = Debug.cpu|Any CPU
		{06098F19-6185-43A5-AD77-B0E8C10AC885}.Debug.cu|Any CPU.Build.0 = Debug.cpu|Any CPU
		{06098F19-6185-43A5-AD77-B0E8C10AC885}.Debug.cu|Mixed Platforms.ActiveCfg = Debug.cpu|Any CPU
		{06098F19-6185-43A5-AD77-B0E8C10AC885}.Debug.cu|x64.ActiveCfg = Debug.cpu|Any CPU
		{06098F19-6185-43A5-AD77-B0E8C10AC885}.Release.cpu|Any CPU.ActiveCfg = Release.cpu|Any CPU
		{06098F19-6185-43A5-AD77-B0E8C10AC885}.Release.cpu|Any CPU.Build.0 = Release.cpu|Any CPU
		{06098F19-6185-43A5-AD77-B0E8C10AC885}.Release.cpu|Mixed Platforms.ActiveCfg = Release.cpu|Any CPU
		{06098F19-6185-43A5-AD77-B0E8C10AC885}.Release.cpu|Mixed Platforms.Build.0 = Release.cpu|Any CPU
		{06098F19-6185-43A5-AD77-B0E8C10AC885}.Release.cpu|x64.ActiveCfg = Release.cpu|Any CPU
		{06098F19-6185-43A5-AD77-B0E8C10AC885}.Release.cu|Any CPU.ActiveCfg = Release.cpu|Any CPU
		{06098F19-6185-43A5-AD77-B0E8C10AC885}.Release.cu|Any CPU.Build.0 = Release.cpu|Any CPU
		{06098F19-6185-43A5-AD77-B0E8C10AC885}.Release.cu|Mixed Platforms.ActiveCfg = Release.cpu|Any CPU
		{06098F19-6185-43A5-AD77-B0E8C10AC885}.Release.cu|x64.ActiveCfg = Release.cpu|Any CPU
	EndGlobalSection
	GlobalSection(SolutionProperties) = preSolution
		HideSolutionNode = FALSE
	EndGlobalSection
	GlobalSection(NestedProjects) = preSolution
		{821AFA21-3738-4DFC-985B-0F5C080E15E4} = {E3EEC6A9-8F94-4377-964E-B4E6457759B3}
		{A38430CF-CB26-43F0-94B7-6E78A0950FF5} = {E3EEC6A9-8F94-4377-964E-B4E6457759B3}
		{2A992207-4EA5-4750-9401-AAD09DFDE7E5} = {E3EEC6A9-8F94-4377-964E-B4E6457759B3}
		{06098F19-6185-43A5-AD77-B0E8C10AC885} = {E3EEC6A9-8F94-4377-964E-B4E6457759B3}
		{ACDAB731-E71B-406B-B023-6A3FD7957591} = {88E97B5A-B2C4-44F9-B808-EA467C4886EC}
		{30180E7B-AABE-4F33-9C2C-F8A447024674} = {88E97B5A-B2C4-44F9-B808-EA467C4886EC}
		{3A992207-4EA5-4750-9401-AAD09DFDE7E5} = {88E97B5A-B2C4-44F9-B808-EA467C4886EC}
		{31180E7B-AABE-4F33-9C2C-F8A447024674} = {88E97B5A-B2C4-44F9-B808-EA467C4886EC}
		{AADAB731-E71B-406B-B023-6A3FD7957591} = {88E97B5A-B2C4-44F9-B808-EA467C4886EC}
		{3D992207-4EA5-4750-9401-AAD09DFDE7E5} = {88E97B5A-B2C4-44F9-B808-EA467C4886EC}
		{AC10E287-6947-487A-8946-F4E031F5CDE8} = {8C3E06C3-028A-4A18-8E34-AB380248DB42}
		{921AFA21-3738-4DFC-985B-0F5C080E15E4} = {8C3E06C3-028A-4A18-8E34-AB380248DB42}
	EndGlobalSection
EndGlobal
