<?xml version="1.0" encoding="utf-8"?>
<Project ToolsVersion="4.0" xmlns="http://schemas.microsoft.com/developer/msbuild/2003">
  <ItemGroup>
    <ClCompile Include="Program.cpp" />
    <ClCompile Include="..\Runtime.src\FallocHost.cpp" />
    <ClCompile Include="..\Runtime.src\RuntimeHost.cpp" />
    <ClCompile Include="..\Runtime.src\Visual.cpp" />
  </ItemGroup>
  <ItemGroup>
    <ClInclude Include="..\Runtime.src\Cuda.h" />
    <ClInclude Include="..\Runtime.src\CudaGL.h" />
    <ClInclude Include="..\Runtime.src\Falloc.cu.h" />
    <ClInclude Include="..\Runtime.src\Falloc.h" />
    <ClInclude Include="..\Runtime.src\Runtime.cu.h" />
    <ClInclude Include="..\Runtime.src\Runtime.h" />
    <ClInclude Include="..\Runtime.src\Visual.h" />
  </ItemGroup>
  <ItemGroup>
    <CudaCompile Include="Program.cu" />
    <CudaCompile Include="..\Runtime.src\Falloc.cu" />
    <CudaCompile Include="..\Runtime.src\Runtime.cu" />
  </ItemGroup>
</Project>