<?xml version="1.0" encoding="utf-8"?>
<Project ToolsVersion="4.0" xmlns="http://schemas.microsoft.com/developer/msbuild/2003">
  <ItemGroup>
    <ClCompile Include="Program.cpp" />
    <ClCompile Include="..\Runtime\FallocHost.cpp" />
    <ClCompile Include="..\Runtime\Visual.cpp" />
    <ClCompile Include="..\Runtime\RuntimeHost.cpp" />
  </ItemGroup>
  <ItemGroup>
    <ClInclude Include="..\Runtime\Cuda.h" />
    <ClInclude Include="..\Runtime\CudaGL.h" />
    <ClInclude Include="..\Runtime\Falloc.h" />
    <ClInclude Include="..\Runtime\Visual.h" />
    <ClInclude Include="..\Runtime\Falloc.cu.h" />
    <ClInclude Include="..\Runtime\Runtime.h" />
    <ClInclude Include="..\Runtime\Runtime.cu.h" />
  </ItemGroup>
  <ItemGroup>
    <CudaCompile Include="..\Runtime\Falloc.cu" />
    <CudaCompile Include="..\Runtime\Runtime.cu" />
    <CudaCompile Include="Program.cu" />
  </ItemGroup>
</Project>