<?xml version="1.0" encoding="utf-8"?>
<Project ToolsVersion="4.0" xmlns="http://schemas.microsoft.com/developer/msbuild/2003">
  <ItemGroup>
    <Library Include="..\..\..\packages\glew.1.9.0\lib\x64\glew32.lib" />
  </ItemGroup>
  <ItemGroup>
    <ClCompile Include="Program.cpp" />
    <ClCompile Include="..\Runtime\FallocHost.cpp" />
    <ClCompile Include="..\Runtime\Visual.cpp" />
  </ItemGroup>
  <ItemGroup>
    <ClInclude Include="..\Runtime\Cuda.h" />
    <ClInclude Include="..\Runtime\CudaGL.h" />
    <ClInclude Include="..\Runtime\Falloc.h" />
    <ClInclude Include="..\Runtime\Visual.h" />
    <ClInclude Include="..\Runtime\Falloc.cu.h" />
  </ItemGroup>
  <ItemGroup>
    <CudaCompile Include="..\Runtime\Falloc.cu" />
    <CudaCompile Include="..\Runtime\FallocVisualRender.cu" />
    <CudaCompile Include="..\Runtime\FallocVisualKeypress.cu" />
  </ItemGroup>
</Project>