<?xml version="1.0" encoding="utf-8"?>
<Project ToolsVersion="4.0" xmlns="http://schemas.microsoft.com/developer/msbuild/2003">
  <ItemGroup>
    <ClCompile Include="Program.cpp" />
    <ClCompile Include="..\SystemL.net\Core\IO\25.JournalVFile.cu">
      <Filter>Core\IO</Filter>
    </ClCompile>
    <ClCompile Include="..\SystemL.net\Core\IO\20.MemoryVFile.cu">
      <Filter>Core\IO</Filter>
    </ClCompile>
    <ClCompile Include="..\SystemL.net\Core\IO\30.VFile.cu">
      <Filter>Core\IO</Filter>
    </ClCompile>
    <ClCompile Include="..\SystemL.net\Core\Text\00.StringBuilder.cu">
      <Filter>Core\Text</Filter>
    </ClCompile>
    <ClCompile Include="..\SystemL.net\Core\00.Bitvec.cu">
      <Filter>Core</Filter>
    </ClCompile>
    <ClCompile Include="..\SystemL.net\Core\10.ConvertEx.cu">
      <Filter>Core</Filter>
    </ClCompile>
    <ClCompile Include="..\SystemL.net\Core\40.StatusEx.cu">
      <Filter>Core</Filter>
    </ClCompile>
    <ClCompile Include="..\SystemL.net\Core\50.SysEx.cu">
      <Filter>Core</Filter>
    </ClCompile>
    <ClCompile Include="..\SystemL.net\Core\50.VSystem.cu">
      <Filter>Core</Filter>
    </ClCompile>
    <ClCompile Include="..\SystemL.net\Core\55.WinVSystem.cu">
      <Filter>Core</Filter>
    </ClCompile>
  </ItemGroup>
  <ItemGroup>
    <ClInclude Include="..\SystemL.net\Core\IO\30.VFile.cu.h">
      <Filter>Core\IO</Filter>
    </ClInclude>
    <ClInclude Include="..\SystemL.net\Core\Text\00.StringBuilder.cu.h">
      <Filter>Core\Text</Filter>
    </ClInclude>
    <ClInclude Include="..\SystemL.net\Core\00.Bitvec.cu.h">
      <Filter>Core</Filter>
    </ClInclude>
    <ClInclude Include="..\SystemL.net\Core\10.ConvertEx.cu.h">
      <Filter>Core</Filter>
    </ClInclude>
    <ClInclude Include="..\SystemL.net\Core\20.MutexEx.cu.h">
      <Filter>Core</Filter>
    </ClInclude>
    <ClInclude Include="..\SystemL.net\Core\30.RC.cu.h">
      <Filter>Core</Filter>
    </ClInclude>
    <ClInclude Include="..\SystemL.net\Core\40.StatusEx.cu.h">
      <Filter>Core</Filter>
    </ClInclude>
    <ClInclude Include="..\SystemL.net\Core\45.VAlloc.cu.h">
      <Filter>Core</Filter>
    </ClInclude>
    <ClInclude Include="..\SystemL.net\Core\50.SysEx.cu.h">
      <Filter>Core</Filter>
    </ClInclude>
    <ClInclude Include="..\SystemL.net\Core\50.VSystem.cu.h">
      <Filter>Core</Filter>
    </ClInclude>
    <ClInclude Include="..\SystemL.net\Core\60.MathEx.cu.h">
      <Filter>Core</Filter>
    </ClInclude>
    <ClInclude Include="..\SystemL.net\Core\Core+Types.cu.h">
      <Filter>Core</Filter>
    </ClInclude>
    <ClInclude Include="..\SystemL.net\Core\Core.cu.h">
      <Filter>Core</Filter>
    </ClInclude>
    <ClInclude Include="..\SystemL.net\Runtime.cu.h" />
  </ItemGroup>
  <ItemGroup>
    <Filter Include="Core">
      <UniqueIdentifier>{410a113c-944f-4028-9f63-868bf8f28459}</UniqueIdentifier>
    </Filter>
    <Filter Include="Core\IO">
      <UniqueIdentifier>{1ee250da-47a5-4fb0-ae2b-f264b71953e9}</UniqueIdentifier>
    </Filter>
    <Filter Include="Core\Text">
      <UniqueIdentifier>{1ed0b226-75ce-454b-8c44-f1d6df5a5ffa}</UniqueIdentifier>
    </Filter>
  </ItemGroup>
  <ItemGroup>
    <None Include="..\SystemL.net\Core\55.GpuVSystem.cu">
      <Filter>Core</Filter>
    </None>
    <None Include="Program.cu" />
  </ItemGroup>
</Project>