<?xml version="1.0" encoding="utf-8"?>
<Project ToolsVersion="4.0" xmlns="http://schemas.microsoft.com/developer/msbuild/2003">
  <ItemGroup>
    <ClCompile Include="Program.cpp" />
    <ClCompile Include="..\SystemL.net\Core\Bitvec.cu">
      <Filter>Core</Filter>
    </ClCompile>
    <ClCompile Include="..\SystemL.net\Core\ConvertEx.cu">
      <Filter>Core</Filter>
    </ClCompile>
    <ClCompile Include="..\SystemL.net\Core\Hash.cu">
      <Filter>Core</Filter>
    </ClCompile>
    <ClCompile Include="..\SystemL.net\Core\WinVSystem.cu">
      <Filter>Core</Filter>
    </ClCompile>
    <ClCompile Include="..\SystemL.net\Core\StatusEx.cu">
      <Filter>Core</Filter>
    </ClCompile>
    <ClCompile Include="..\SystemL.net\Core\SysEx.cu">
      <Filter>Core</Filter>
    </ClCompile>
    <ClCompile Include="..\SystemL.net\Core\VSystem.cu">
      <Filter>Core</Filter>
    </ClCompile>
    <ClCompile Include="..\SystemL.net\Core\IO\IO.JournalVFile.cu">
      <Filter>Core\IO</Filter>
    </ClCompile>
    <ClCompile Include="..\SystemL.net\Core\IO\IO.MemoryVFile.cu">
      <Filter>Core\IO</Filter>
    </ClCompile>
    <ClCompile Include="..\SystemL.net\Core\IO\IO.VFile.cu">
      <Filter>Core\IO</Filter>
    </ClCompile>
    <ClCompile Include="..\SystemL.net\Core\Text\Text.StringBuilder.cu">
      <Filter>Core\Text</Filter>
    </ClCompile>
    <ClCompile Include="..\SystemL.net\Core\SysEx+Utf.cu">
      <Filter>Core</Filter>
    </ClCompile>
    <ClCompile Include="..\SystemL.net\Core\SysEx+Random.cu">
      <Filter>Core</Filter>
    </ClCompile>
  </ItemGroup>
  <ItemGroup>
    <ClInclude Include="..\SystemL.net\Core\Core+Types.cu.h">
      <Filter>Core</Filter>
    </ClInclude>
    <ClInclude Include="..\SystemL.net\Core\Core.cu.h">
      <Filter>Core</Filter>
    </ClInclude>
    <ClInclude Include="..\SystemL.net\Core\Bitvec.cu.h">
      <Filter>Core</Filter>
    </ClInclude>
    <ClInclude Include="..\SystemL.net\Core\Hash.cu.h">
      <Filter>Core</Filter>
    </ClInclude>
    <ClInclude Include="..\SystemL.net\Core\ConvertEx.cu.h">
      <Filter>Core</Filter>
    </ClInclude>
    <ClInclude Include="..\SystemL.net\Core\MutexEx.cu.h">
      <Filter>Core</Filter>
    </ClInclude>
    <ClInclude Include="..\SystemL.net\Core\RC.cu.h">
      <Filter>Core</Filter>
    </ClInclude>
    <ClInclude Include="..\SystemL.net\Core\StatusEx.cu.h">
      <Filter>Core</Filter>
    </ClInclude>
    <ClInclude Include="..\SystemL.net\Core\VAlloc.cu.h">
      <Filter>Core</Filter>
    </ClInclude>
    <ClInclude Include="..\SystemL.net\Core\SysEx.cu.h">
      <Filter>Core</Filter>
    </ClInclude>
    <ClInclude Include="..\SystemL.net\Core\VSystem.cu.h">
      <Filter>Core</Filter>
    </ClInclude>
    <ClInclude Include="..\SystemL.net\Core\MathEx.cu.h">
      <Filter>Core</Filter>
    </ClInclude>
    <ClInclude Include="..\SystemL.net\Core\Text\Text.StringBuilder.cu.h">
      <Filter>Core\Text</Filter>
    </ClInclude>
    <ClInclude Include="..\SystemL.net\Core\IO\IO.VFile.cu.h">
      <Filter>Core\IO</Filter>
    </ClInclude>
  </ItemGroup>
  <ItemGroup>
    <Filter Include="Core">
      <UniqueIdentifier>{410a113c-944f-4028-9f63-868bf8f28459}</UniqueIdentifier>
    </Filter>
    <Filter Include="Core\IO">
      <UniqueIdentifier>{1ee250da-47a5-4fb0-ae2b-f264b71953e9}</UniqueIdentifier>
    </Filter>
    <Filter Include="Core\Text">
      <UniqueIdentifier>{1ed0b226-75ce-454b-8c44-f1d6df5a5ffa}</UniqueIdentifier>
    </Filter>
  </ItemGroup>
</Project>