<?xml version="1.0" encoding="utf-8"?>
<Project ToolsVersion="4.0" xmlns="http://schemas.microsoft.com/developer/msbuild/2003">
  <ItemGroup>
    <CudaCompile Include="Program.cu" />
    <CudaCompile Include="..\SystemL.net\Core\IO\30.VFile.cu">
      <Filter>Core\IO</Filter>
    </CudaCompile>
    <CudaCompile Include="..\SystemL.net\Core\IO\25.JournalVFile.cu">
      <Filter>Core\IO</Filter>
    </CudaCompile>
    <CudaCompile Include="..\SystemL.net\Core\IO\20.MemoryVFile.cu">
      <Filter>Core\IO</Filter>
    </CudaCompile>
    <CudaCompile Include="..\SystemL.net\Core\Text\00.StringBuilder.cu">
      <Filter>Core\Text</Filter>
    </CudaCompile>
    <CudaCompile Include="..\SystemL.net\Core\00.Bitvec.cu">
      <Filter>Core</Filter>
    </CudaCompile>
    <CudaCompile Include="..\SystemL.net\Core\10.ConvertEx.cu">
      <Filter>Core</Filter>
    </CudaCompile>
    <CudaCompile Include="..\SystemL.net\Core\40.StatusEx.cu">
      <Filter>Core</Filter>
    </CudaCompile>
    <CudaCompile Include="..\SystemL.net\Core\50.SysEx.cu">
      <Filter>Core</Filter>
    </CudaCompile>
    <CudaCompile Include="..\SystemL.net\Core\50.VSystem.cu">
      <Filter>Core</Filter>
    </CudaCompile>
    <CudaCompile Include="..\SystemL.net\Core\55.GpuVSystem.cu">
      <Filter>Core</Filter>
    </CudaCompile>
  </ItemGroup>
  <ItemGroup>
    <ClCompile Include="Program.cpp" />
  </ItemGroup>
  <ItemGroup>
    <ClInclude Include="..\SystemL.net\Core\IO\30.VFile.cu.h">
      <Filter>Core\IO</Filter>
    </ClInclude>
    <ClInclude Include="..\SystemL.net\Core\Text\00.StringBuilder.cu.h">
      <Filter>Core\Text</Filter>
    </ClInclude>
    <ClInclude Include="..\SystemL.net\Core\00.Bitvec.cu.h">
      <Filter>Core</Filter>
    </ClInclude>
    <ClInclude Include="..\SystemL.net\Core\10.ConvertEx.cu.h">
      <Filter>Core</Filter>
    </ClInclude>
    <ClInclude Include="..\SystemL.net\Core\20.MutexEx.cu.h">
      <Filter>Core</Filter>
    </ClInclude>
    <ClInclude Include="..\SystemL.net\Core\30.RC.cu.h">
      <Filter>Core</Filter>
    </ClInclude>
    <ClInclude Include="..\SystemL.net\Core\40.StatusEx.cu.h">
      <Filter>Core</Filter>
    </ClInclude>
    <ClInclude Include="..\SystemL.net\Core\45.VAlloc.cu.h">
      <Filter>Core</Filter>
    </ClInclude>
    <ClInclude Include="..\SystemL.net\Core\50.SysEx.cu.h">
      <Filter>Core</Filter>
    </ClInclude>
    <ClInclude Include="..\SystemL.net\Core\50.VSystem.cu.h">
      <Filter>Core</Filter>
    </ClInclude>
    <ClInclude Include="..\SystemL.net\Core\60.MathEx.cu.h">
      <Filter>Core</Filter>
    </ClInclude>
    <ClInclude Include="..\SystemL.net\Core\Core+Types.cu.h">
      <Filter>Core</Filter>
    </ClInclude>
    <ClInclude Include="..\SystemL.net\Core\Core.cu.h">
      <Filter>Core</Filter>
    </ClInclude>
    <ClInclude Include="..\SystemL.net\Runtime.cu.h" />
  </ItemGroup>
  <ItemGroup>
    <Filter Include="Core">
      <UniqueIdentifier>{b76137cc-4125-4e9e-8583-71cadbc31311}</UniqueIdentifier>
    </Filter>
    <Filter Include="Core\IO">
      <UniqueIdentifier>{8a2cbfd8-630f-49d3-9d92-2c34387965fc}</UniqueIdentifier>
    </Filter>
    <Filter Include="Core\Text">
      <UniqueIdentifier>{bccb5bf7-19fc-4e61-9a5a-5f7cf0676671}</UniqueIdentifier>
    </Filter>
  </ItemGroup>
</Project>