<?xml version="1.0" encoding="utf-8"?>
<Project ToolsVersion="4.0" xmlns="http://schemas.microsoft.com/developer/msbuild/2003">
  <ItemGroup>
    <CudaCompile Include="cuPrintf.cu" />
    <CudaCompile Include="cuFalloc.cu" />
    <CudaCompile Include="sm20.cu" />
  </ItemGroup>
  <ItemGroup>
    <Filter Include="inc">
      <UniqueIdentifier>{9ef9f39a-a0fc-46f6-a1ca-4c598ee52979}</UniqueIdentifier>
    </Filter>
  </ItemGroup>
  <ItemGroup>
    <ClInclude Include="..\..\inc\Structs.cu\cuPrintf.h">
      <Filter>inc</Filter>
    </ClInclude>
    <ClInclude Include="..\..\inc\Structs.cu\cuFalloc.h">
      <Filter>inc</Filter>
    </ClInclude>
  </ItemGroup>
  <ItemGroup>
    <None Include="..\..\inc\Structs.cu\cuPrintf.cuh">
      <Filter>inc</Filter>
    </None>
    <None Include="..\..\inc\Structs.cu\cuFalloc.cuh">
      <Filter>inc</Filter>
    </None>
  </ItemGroup>
</Project>