<?xml version="1.0" encoding="utf-8"?>
<Project ToolsVersion="4.0" xmlns="http://schemas.microsoft.com/developer/msbuild/2003">
  <ItemGroup>
    <Filter Include="Core+Btree">
      <UniqueIdentifier>{55cc508a-070a-48a8-85e3-92f47958ac7e}</UniqueIdentifier>
    </Filter>
    <Filter Include="Core+Pager">
      <UniqueIdentifier>{84185c23-e52d-4c93-b862-700b5488231a}</UniqueIdentifier>
    </Filter>
    <Filter Include="Core+Vbde">
      <UniqueIdentifier>{ca606226-a182-4a7f-90d9-b6d75c488bc5}</UniqueIdentifier>
    </Filter>
    <Filter Include="Core+Syntax">
      <UniqueIdentifier>{1f9ce095-e008-42de-ba6a-22b00149cfb5}</UniqueIdentifier>
    </Filter>
    <Filter Include="Core+Syntax\Command">
      <UniqueIdentifier>{6cb83c07-6ccc-4e1d-9d8a-83b562198464}</UniqueIdentifier>
    </Filter>
  </ItemGroup>
  <ItemGroup>
    <ClInclude Include="..\SystemL.Data.net\Core+Btree\Btree.cu.h">
      <Filter>Core+Btree</Filter>
    </ClInclude>
    <ClInclude Include="..\SystemL.Data.net\Core+Btree\BtreeInt.cu.h">
      <Filter>Core+Btree</Filter>
    </ClInclude>
    <ClInclude Include="..\SystemL.Data.net\Core+Btree\Core+Btree.cu.h">
      <Filter>Core+Btree</Filter>
    </ClInclude>
    <ClInclude Include="..\SystemL.Data.net\Core+Pager\Core+Pager.cu.h">
      <Filter>Core+Pager</Filter>
    </ClInclude>
    <ClInclude Include="..\SystemL.Data.net\Core+Pager\Pager.cu.h">
      <Filter>Core+Pager</Filter>
    </ClInclude>
    <ClInclude Include="..\SystemL.Data.net\Core+Pager\PCache.cu.h">
      <Filter>Core+Pager</Filter>
    </ClInclude>
    <ClInclude Include="..\SystemL.Data.net\Core+Pager\Wal.cu.h">
      <Filter>Core+Pager</Filter>
    </ClInclude>
    <ClInclude Include="..\SystemL.Data.net\Core+Vbde\Vdbe.cu.h">
      <Filter>Core+Vbde</Filter>
    </ClInclude>
    <ClInclude Include="..\SystemL.Data.net\Core+Vbde\VdbeInt.cu.h">
      <Filter>Core+Vbde</Filter>
    </ClInclude>
    <ClInclude Include="..\SystemL.Data.net\Core+Vbde\Core+Vdbe.cu.h">
      <Filter>Core+Vbde</Filter>
    </ClInclude>
    <ClInclude Include="..\SystemL.Data.net\Core+Syntax\Core+Syntax.cu.h">
      <Filter>Core+Syntax</Filter>
    </ClInclude>
    <ClInclude Include="..\SystemL.Data.net\Core+Btree\BContext.cu.h">
      <Filter>Core+Btree</Filter>
    </ClInclude>
    <ClInclude Include="..\SystemL.Data.net\Core+Syntax\Context.cu.h">
      <Filter>Core+Syntax</Filter>
    </ClInclude>
  </ItemGroup>
  <ItemGroup>
    <ClCompile Include="..\SystemL.Data.net\Core+Btree\Btree.cu">
      <Filter>Core+Btree</Filter>
    </ClCompile>
    <ClCompile Include="..\SystemL.Data.net\Core+Pager\Pager.cu">
      <Filter>Core+Pager</Filter>
    </ClCompile>
    <ClCompile Include="..\SystemL.Data.net\Core+Pager\PCache.cu">
      <Filter>Core+Pager</Filter>
    </ClCompile>
    <ClCompile Include="..\SystemL.Data.net\Core+Pager\PCache1.cu">
      <Filter>Core+Pager</Filter>
    </ClCompile>
    <ClCompile Include="..\SystemL.Data.net\Core+Pager\Wal.cu">
      <Filter>Core+Pager</Filter>
    </ClCompile>
    <ClCompile Include="..\SystemL.Data.net\Core+Vbde\Vdbe.cu">
      <Filter>Core+Vbde</Filter>
    </ClCompile>
    <ClCompile Include="..\SystemL.Data.net\Core+Vbde\VdbeApi.cu">
      <Filter>Core+Vbde</Filter>
    </ClCompile>
    <ClCompile Include="..\SystemL.Data.net\Core+Vbde\VdbeAux.cu">
      <Filter>Core+Vbde</Filter>
    </ClCompile>
    <ClCompile Include="..\SystemL.Data.net\Core+Vbde\VdbeBlob.cu">
      <Filter>Core+Vbde</Filter>
    </ClCompile>
    <ClCompile Include="..\SystemL.Data.net\Core+Vbde\VdbeMem.cu">
      <Filter>Core+Vbde</Filter>
    </ClCompile>
    <ClCompile Include="..\SystemL.Data.net\Core+Vbde\VdbeSort.cu">
      <Filter>Core+Vbde</Filter>
    </ClCompile>
    <ClCompile Include="..\SystemL.Data.net\Core+Vbde\VdbeTrace.cu">
      <Filter>Core+Vbde</Filter>
    </ClCompile>
    <ClCompile Include="..\SystemL.Data.net\Core+Syntax\Rowset.cu">
      <Filter>Core+Syntax</Filter>
    </ClCompile>
    <ClCompile Include="..\SystemL.Data.net\Core+Syntax\Table.cu">
      <Filter>Core+Syntax</Filter>
    </ClCompile>
    <ClCompile Include="..\SystemL.Data.net\Core+Syntax\VTable.cu">
      <Filter>Core+Syntax</Filter>
    </ClCompile>
    <ClCompile Include="..\SystemL.Data.net\Core+Syntax\Expr.cu">
      <Filter>Core+Syntax</Filter>
    </ClCompile>
    <ClCompile Include="..\SystemL.Data.net\Core+Syntax\Callback.cu">
      <Filter>Core+Syntax</Filter>
    </ClCompile>
    <ClCompile Include="..\SystemL.Data.net\Core+Syntax\Prepare.cu">
      <Filter>Core+Syntax</Filter>
    </ClCompile>
    <ClCompile Include="..\SystemL.Data.net\Core+Syntax\Tokenize.cu">
      <Filter>Core+Syntax</Filter>
    </ClCompile>
    <ClCompile Include="..\SystemL.Data.net\Core+Syntax\Walker.cu">
      <Filter>Core+Syntax</Filter>
    </ClCompile>
    <ClCompile Include="..\SystemL.Data.net\Core+Syntax\Where.cu">
      <Filter>Core+Syntax</Filter>
    </ClCompile>
    <ClCompile Include="..\SystemL.Data.net\Core+Syntax\Command\Alter.cu">
      <Filter>Core+Syntax\Command</Filter>
    </ClCompile>
    <ClCompile Include="..\SystemL.Data.net\Core+Syntax\Command\Analyze.cu">
      <Filter>Core+Syntax\Command</Filter>
    </ClCompile>
    <ClCompile Include="..\SystemL.Data.net\Core+Syntax\Command\Attach.cu">
      <Filter>Core+Syntax\Command</Filter>
    </ClCompile>
    <ClCompile Include="..\SystemL.Data.net\Core+Syntax\Command\Delete.cu">
      <Filter>Core+Syntax\Command</Filter>
    </ClCompile>
    <ClCompile Include="..\SystemL.Data.net\Core+Syntax\Command\Insert.cu">
      <Filter>Core+Syntax\Command</Filter>
    </ClCompile>
    <ClCompile Include="..\SystemL.Data.net\Core+Syntax\Command\Pragma.cu">
      <Filter>Core+Syntax\Command</Filter>
    </ClCompile>
    <ClCompile Include="..\SystemL.Data.net\Core+Syntax\Command\Select.cu">
      <Filter>Core+Syntax\Command</Filter>
    </ClCompile>
    <ClCompile Include="..\SystemL.Data.net\Core+Syntax\Command\Update.cu">
      <Filter>Core+Syntax\Command</Filter>
    </ClCompile>
    <ClCompile Include="..\SystemL.Data.net\Core+Syntax\Command\Vacuum.cu">
      <Filter>Core+Syntax\Command</Filter>
    </ClCompile>
    <ClCompile Include="..\SystemL.Data.net\Core+Syntax\WalkerResolve.cu">
      <Filter>Core+Syntax</Filter>
    </ClCompile>
    <ClCompile Include="..\SystemL.Data.net\Core+Syntax\FKey.cu">
      <Filter>Core+Syntax</Filter>
    </ClCompile>
    <ClCompile Include="..\SystemL.Data.net\Core+Syntax\TokenizeComplete.cu">
      <Filter>Core+Syntax</Filter>
    </ClCompile>
    <ClCompile Include="..\SystemL.Data.net\Core+Syntax\Trigger.cu">
      <Filter>Core+Syntax</Filter>
    </ClCompile>
    <ClCompile Include="..\SystemL.Data.net\Core+Syntax\Command\Func.cu">
      <Filter>Core+Syntax\Command</Filter>
    </ClCompile>
    <ClCompile Include="..\SystemL.Data.net\Core+Syntax\Command\Date.cu">
      <Filter>Core+Syntax\Command</Filter>
    </ClCompile>
    <ClCompile Include="..\SystemL.Data.net\CompileTime.cu" />
    <ClCompile Include="..\SystemL.Data.net\Shell.cu" />
    <ClCompile Include="..\SystemL.Data.net\Core+Syntax\Backup.cu">
      <Filter>Core+Syntax</Filter>
    </ClCompile>
    <ClCompile Include="..\SystemL.Data.net\Core+Syntax\Auth.cu">
      <Filter>Core+Syntax</Filter>
    </ClCompile>
    <ClCompile Include="..\SystemL.Data.net\Core+Syntax\ParseBuild.cu">
      <Filter>Core+Syntax</Filter>
    </ClCompile>
  </ItemGroup>
</Project>